{
  "originHash" : "34d52733c8a0271d80d5489f01cf50851490e43ada445e3feb6a2268250e9f09",
  "pins" : [
    {
      "identity" : "keychainwrapper",
      "kind" : "remoteSourceControl",
      "location" : "https://github.com/puretears/KeychainWrapper",
      "state" : {
        "revision" : "e72bc3256b2f830750f1c0080bccc3058f866f3b",
        "version" : "1.2.1"
      }
    }
  ],
  "version" : 3
}
