// !$*UTF8*$!
{
	archiveVersion = 1;
	classes = {
	};
	objectVersion = 56;
	objects = {

/* Begin PBXBuildFile section */
		5E028F452A4C9AC500D90456 /* FileManager-DocumentsDirectory.swift in Sources */ = {isa = PBXBuildFile; fileRef = 5E028F442A4C9AC500D90456 /* FileManager-DocumentsDirectory.swift */; };
		5E028F4E2A4DCEF300D90456 /* CommandsView.swift in Sources */ = {isa = PBXBuildFile; fileRef = 5E028F4D2A4DCEF300D90456 /* CommandsView.swift */; };
		5E028F512A4DE24400D90456 /* CommandRow.swift in Sources */ = {isa = PBXBuildFile; fileRef = 5E028F502A4DE24400D90456 /* CommandRow.swift */; };
		5E028F532A4E26AD00D90456 /* NoHostsView.swift in Sources */ = {isa = PBXBuildFile; fileRef = 5E028F522A4E26AD00D90456 /* NoHostsView.swift */; };
		5E2A7D0D2B05577200D1EFFE /* Date-Extension.swift in Sources */ = {isa = PBXBuildFile; fileRef = 5E2A7D0C2B05577200D1EFFE /* Date-Extension.swift */; };
		5E65E6262B07F1D80023341D /* CachedCommandResponse+CoreDataClass.swift in Sources */ = {isa = PBXBuildFile; fileRef = 5E65E6242B07F1D80023341D /* CachedCommandResponse+CoreDataClass.swift */; };
		5E65E6272B07F1D80023341D /* CachedCommandResponse+CoreDataProperties.swift in Sources */ = {isa = PBXBuildFile; fileRef = 5E65E6252B07F1D80023341D /* CachedCommandResponse+CoreDataProperties.swift */; };
		5E7DAB0D2A339C7F00DDFAFC /* NoHostView.swift in Sources */ = {isa = PBXBuildFile; fileRef = 5E7DAB0C2A339C7F00DDFAFC /* NoHostView.swift */; };
		5E8260412AA1230B0021289B /* SmartFilterRow.swift in Sources */ = {isa = PBXBuildFile; fileRef = 5E8260402AA1230B0021289B /* SmartFilterRow.swift */; };
		5E9038D52A4384F50077F3DC /* SoftwareView.swift in Sources */ = {isa = PBXBuildFile; fileRef = 5E9038D42A4384F50077F3DC /* SoftwareView.swift */; };
		5E9038D72A4387670077F3DC /* SoftwareRow.swift in Sources */ = {isa = PBXBuildFile; fileRef = 5E9038D62A4387670077F3DC /* SoftwareRow.swift */; };
		5E9038D92A43944B0077F3DC /* SoftwareDetailView.swift in Sources */ = {isa = PBXBuildFile; fileRef = 5E9038D82A43944B0077F3DC /* SoftwareDetailView.swift */; };
		5E9038DB2A43A0F60077F3DC /* ProfilesRow.swift in Sources */ = {isa = PBXBuildFile; fileRef = 5E9038DA2A43A0F60077F3DC /* ProfilesRow.swift */; };
		5E9038DD2A43A3AE0077F3DC /* ProfilesView.swift in Sources */ = {isa = PBXBuildFile; fileRef = 5E9038DC2A43A3AE0077F3DC /* ProfilesView.swift */; };
		5E9038DF2A44AF6F0077F3DC /* MDMCommands.swift in Sources */ = {isa = PBXBuildFile; fileRef = 5E9038DE2A44AF6F0077F3DC /* MDMCommands.swift */; };
		5E9039322A45FC250077F3DC /* HostView.swift in Sources */ = {isa = PBXBuildFile; fileRef = 5E9039312A45FC250077F3DC /* HostView.swift */; };
		5E9B94E22A3231F900A7A0CE /* LoginRequestBody.swift in Sources */ = {isa = PBXBuildFile; fileRef = 5E9B94E12A3231F900A7A0CE /* LoginRequestBody.swift */; };
		5E9B94E42A32320D00A7A0CE /* Host.swift in Sources */ = {isa = PBXBuildFile; fileRef = 5E9B94E32A32320D00A7A0CE /* Host.swift */; };
		5E9B94E62A32321D00A7A0CE /* Team.swift in Sources */ = {isa = PBXBuildFile; fileRef = 5E9B94E52A32321D00A7A0CE /* Team.swift */; };
		5E9B94E82A32323300A7A0CE /* Endpoint.swift in Sources */ = {isa = PBXBuildFile; fileRef = 5E9B94E72A32323300A7A0CE /* Endpoint.swift */; };
		5ECF5D472AF405E200108411 /* SignedOutView.swift in Sources */ = {isa = PBXBuildFile; fileRef = 5ECF5D462AF405E200108411 /* SignedOutView.swift */; };
		5EDA66BD2A2A4955006706CD /* FleetDMViewerApp.swift in Sources */ = {isa = PBXBuildFile; fileRef = 5EDA66BC2A2A4955006706CD /* FleetDMViewerApp.swift */; };
		5EDA66C12A2A4955006706CD /* Assets.xcassets in Resources */ = {isa = PBXBuildFile; fileRef = 5EDA66C02A2A4955006706CD /* Assets.xcassets */; };
		5EDA66C52A2A4955006706CD /* Preview Assets.xcassets in Resources */ = {isa = PBXBuildFile; fileRef = 5EDA66C42A2A4955006706CD /* Preview Assets.xcassets */; };
		5EDA66D52A2A4979006706CD /* TeamsView.swift in Sources */ = {isa = PBXBuildFile; fileRef = 5EDA66CB2A2A4979006706CD /* TeamsView.swift */; };
		5EDA66D82A2A4979006706CD /* LoginView.swift in Sources */ = {isa = PBXBuildFile; fileRef = 5EDA66CE2A2A4979006706CD /* LoginView.swift */; };
		5EDA66DA2A2A4979006706CD /* NetworkManager.swift in Sources */ = {isa = PBXBuildFile; fileRef = 5EDA66D02A2A4979006706CD /* NetworkManager.swift */; };
		5EDA66E12A2A4996006706CD /* KeychainWrapper in Frameworks */ = {isa = PBXBuildFile; productRef = 5EDA66E02A2A4996006706CD /* KeychainWrapper */; };
		5EDC18042A3A506200691C2E /* User.swift in Sources */ = {isa = PBXBuildFile; fileRef = 5EDC18032A3A506200691C2E /* User.swift */; };
		5EDC18082A3B8FDF00691C2E /* HostRow.swift in Sources */ = {isa = PBXBuildFile; fileRef = 5EDC18072A3B8FDF00691C2E /* HostRow.swift */; };
		5EDC180A2A3B961400691C2E /* ContentView.swift in Sources */ = {isa = PBXBuildFile; fileRef = 5EDC18092A3B961400691C2E /* ContentView.swift */; };
		5EDC180C2A3B96D500691C2E /* DetailView.swift in Sources */ = {isa = PBXBuildFile; fileRef = 5EDC180B2A3B96D500691C2E /* DetailView.swift */; };
		5EDC180E2A409DB100691C2E /* PoliciesView.swift in Sources */ = {isa = PBXBuildFile; fileRef = 5EDC180D2A409DB100691C2E /* PoliciesView.swift */; };
		5EEA90932A8EA24200FEA5E4 /* MDMCommandMenu.swift in Sources */ = {isa = PBXBuildFile; fileRef = 5EEA90922A8EA24200FEA5E4 /* MDMCommandMenu.swift */; };
		5EEA90952A93C37100FEA5E4 /* DataController.swift in Sources */ = {isa = PBXBuildFile; fileRef = 5EEA90942A93C37100FEA5E4 /* DataController.swift */; };
		5EEA90982A93E9D800FEA5E4 /* ServerSelectionView.swift in Sources */ = {isa = PBXBuildFile; fileRef = 5EEA90972A93E9D800FEA5E4 /* ServerSelectionView.swift */; };
		5EEA909A2A94FEF700FEA5E4 /* SettingsView.swift in Sources */ = {isa = PBXBuildFile; fileRef = 5EEA90992A94FEF700FEA5E4 /* SettingsView.swift */; };
		5EEA909F2A96701500FEA5E4 /* FleetDMViewer.xcdatamodeld in Sources */ = {isa = PBXBuildFile; fileRef = 5EEA909D2A96701500FEA5E4 /* FleetDMViewer.xcdatamodeld */; };
		5EEA90AC2A96948E00FEA5E4 /* CachedUser+CoreDataClass.swift in Sources */ = {isa = PBXBuildFile; fileRef = 5EEA90A82A96948E00FEA5E4 /* CachedUser+CoreDataClass.swift */; };
		5EEA90AD2A96948E00FEA5E4 /* CachedUser+CoreDataProperties.swift in Sources */ = {isa = PBXBuildFile; fileRef = 5EEA90A92A96948E00FEA5E4 /* CachedUser+CoreDataProperties.swift */; };
		5EEA90E42A97DA0300FEA5E4 /* CachedTeam+CoreDataClass.swift in Sources */ = {isa = PBXBuildFile; fileRef = 5EEA90D42A97DA0300FEA5E4 /* CachedTeam+CoreDataClass.swift */; };
		5EEA90E52A97DA0300FEA5E4 /* CachedTeam+CoreDataProperties.swift in Sources */ = {isa = PBXBuildFile; fileRef = 5EEA90D52A97DA0300FEA5E4 /* CachedTeam+CoreDataProperties.swift */; };
		5EEA90E62A97DA0300FEA5E4 /* CachedSoftware+CoreDataClass.swift in Sources */ = {isa = PBXBuildFile; fileRef = 5EEA90D62A97DA0300FEA5E4 /* CachedSoftware+CoreDataClass.swift */; };
		5EEA90E72A97DA0300FEA5E4 /* CachedSoftware+CoreDataProperties.swift in Sources */ = {isa = PBXBuildFile; fileRef = 5EEA90D72A97DA0300FEA5E4 /* CachedSoftware+CoreDataProperties.swift */; };
		5EEA90E82A97DA0300FEA5E4 /* CachedVulnerability+CoreDataClass.swift in Sources */ = {isa = PBXBuildFile; fileRef = 5EEA90D82A97DA0300FEA5E4 /* CachedVulnerability+CoreDataClass.swift */; };
		5EEA90E92A97DA0300FEA5E4 /* CachedVulnerability+CoreDataProperties.swift in Sources */ = {isa = PBXBuildFile; fileRef = 5EEA90D92A97DA0300FEA5E4 /* CachedVulnerability+CoreDataProperties.swift */; };
		5EEA90EA2A97DA0300FEA5E4 /* CachedBattery+CoreDataClass.swift in Sources */ = {isa = PBXBuildFile; fileRef = 5EEA90DA2A97DA0300FEA5E4 /* CachedBattery+CoreDataClass.swift */; };
		5EEA90EB2A97DA0300FEA5E4 /* CachedBattery+CoreDataProperties.swift in Sources */ = {isa = PBXBuildFile; fileRef = 5EEA90DB2A97DA0300FEA5E4 /* CachedBattery+CoreDataProperties.swift */; };
		5EEA90EC2A97DA0300FEA5E4 /* CachedProfile+CoreDataClass.swift in Sources */ = {isa = PBXBuildFile; fileRef = 5EEA90DC2A97DA0300FEA5E4 /* CachedProfile+CoreDataClass.swift */; };
		5EEA90ED2A97DA0300FEA5E4 /* CachedProfile+CoreDataProperties.swift in Sources */ = {isa = PBXBuildFile; fileRef = 5EEA90DD2A97DA0300FEA5E4 /* CachedProfile+CoreDataProperties.swift */; };
		5EEA90EE2A97DA0300FEA5E4 /* CachedHost+CoreDataClass.swift in Sources */ = {isa = PBXBuildFile; fileRef = 5EEA90DE2A97DA0300FEA5E4 /* CachedHost+CoreDataClass.swift */; };
		5EEA90EF2A97DA0300FEA5E4 /* CachedHost+CoreDataProperties.swift in Sources */ = {isa = PBXBuildFile; fileRef = 5EEA90DF2A97DA0300FEA5E4 /* CachedHost+CoreDataProperties.swift */; };
		5EEA90F72A97DAF900FEA5E4 /* CachedPolicy+CoreDataClass.swift in Sources */ = {isa = PBXBuildFile; fileRef = 5EEA90F52A97DAF900FEA5E4 /* CachedPolicy+CoreDataClass.swift */; };
		5EEA90F82A97DAF900FEA5E4 /* CachedPolicy+CoreDataProperties.swift in Sources */ = {isa = PBXBuildFile; fileRef = 5EEA90F62A97DAF900FEA5E4 /* CachedPolicy+CoreDataProperties.swift */; };
		5EEA90FB2A97DB8B00FEA5E4 /* CachedMdm+CoreDataClass.swift in Sources */ = {isa = PBXBuildFile; fileRef = 5EEA90F92A97DB8B00FEA5E4 /* CachedMdm+CoreDataClass.swift */; };
		5EEA90FC2A97DB8B00FEA5E4 /* CachedMdm+CoreDataProperties.swift in Sources */ = {isa = PBXBuildFile; fileRef = 5EEA90FA2A97DB8B00FEA5E4 /* CachedMdm+CoreDataProperties.swift */; };
		5EEA91032A97F1BA00FEA5E4 /* CachedUserTeam+CoreDataClass.swift in Sources */ = {isa = PBXBuildFile; fileRef = 5EEA91012A97F1BA00FEA5E4 /* CachedUserTeam+CoreDataClass.swift */; };
		5EEA91042A97F1BA00FEA5E4 /* CachedUserTeam+CoreDataProperties.swift in Sources */ = {isa = PBXBuildFile; fileRef = 5EEA91022A97F1BA00FEA5E4 /* CachedUserTeam+CoreDataProperties.swift */; };
		5EFC7ADF2A9E8F9A00C2ED06 /* Filter.swift in Sources */ = {isa = PBXBuildFile; fileRef = 5EFC7ADE2A9E8F9A00C2ED06 /* Filter.swift */; };
/* End PBXBuildFile section */

/* Begin PBXFileReference section */
		5E028F442A4C9AC500D90456 /* FileManager-DocumentsDirectory.swift */ = {isa = PBXFileReference; fileEncoding = 4; lastKnownFileType = sourcecode.swift; path = "FileManager-DocumentsDirectory.swift"; sourceTree = "<group>"; };
		5E028F4D2A4DCEF300D90456 /* CommandsView.swift */ = {isa = PBXFileReference; lastKnownFileType = sourcecode.swift; path = CommandsView.swift; sourceTree = "<group>"; };
		5E028F502A4DE24400D90456 /* CommandRow.swift */ = {isa = PBXFileReference; lastKnownFileType = sourcecode.swift; path = CommandRow.swift; sourceTree = "<group>"; };
		5E028F522A4E26AD00D90456 /* NoHostsView.swift */ = {isa = PBXFileReference; lastKnownFileType = sourcecode.swift; path = NoHostsView.swift; sourceTree = "<group>"; };
		5E2A7D0C2B05577200D1EFFE /* Date-Extension.swift */ = {isa = PBXFileReference; lastKnownFileType = sourcecode.swift; path = "Date-Extension.swift"; sourceTree = "<group>"; };
		5E65E6242B07F1D80023341D /* CachedCommandResponse+CoreDataClass.swift */ = {isa = PBXFileReference; lastKnownFileType = sourcecode.swift; path = "CachedCommandResponse+CoreDataClass.swift"; sourceTree = "<group>"; };
		5E65E6252B07F1D80023341D /* CachedCommandResponse+CoreDataProperties.swift */ = {isa = PBXFileReference; lastKnownFileType = sourcecode.swift; path = "CachedCommandResponse+CoreDataProperties.swift"; sourceTree = "<group>"; };
		5E7DAB0C2A339C7F00DDFAFC /* NoHostView.swift */ = {isa = PBXFileReference; lastKnownFileType = sourcecode.swift; path = NoHostView.swift; sourceTree = "<group>"; };
		5E8260402AA1230B0021289B /* SmartFilterRow.swift */ = {isa = PBXFileReference; lastKnownFileType = sourcecode.swift; path = SmartFilterRow.swift; sourceTree = "<group>"; };
		5E9038D42A4384F50077F3DC /* SoftwareView.swift */ = {isa = PBXFileReference; lastKnownFileType = sourcecode.swift; path = SoftwareView.swift; sourceTree = "<group>"; };
		5E9038D62A4387670077F3DC /* SoftwareRow.swift */ = {isa = PBXFileReference; lastKnownFileType = sourcecode.swift; path = SoftwareRow.swift; sourceTree = "<group>"; };
		5E9038D82A43944B0077F3DC /* SoftwareDetailView.swift */ = {isa = PBXFileReference; lastKnownFileType = sourcecode.swift; path = SoftwareDetailView.swift; sourceTree = "<group>"; };
		5E9038DA2A43A0F60077F3DC /* ProfilesRow.swift */ = {isa = PBXFileReference; lastKnownFileType = sourcecode.swift; path = ProfilesRow.swift; sourceTree = "<group>"; };
		5E9038DC2A43A3AE0077F3DC /* ProfilesView.swift */ = {isa = PBXFileReference; lastKnownFileType = sourcecode.swift; path = ProfilesView.swift; sourceTree = "<group>"; };
		5E9038DE2A44AF6F0077F3DC /* MDMCommands.swift */ = {isa = PBXFileReference; lastKnownFileType = sourcecode.swift; path = MDMCommands.swift; sourceTree = "<group>"; };
		5E9039312A45FC250077F3DC /* HostView.swift */ = {isa = PBXFileReference; fileEncoding = 4; lastKnownFileType = sourcecode.swift; path = HostView.swift; sourceTree = "<group>"; };
		5E9B94E12A3231F900A7A0CE /* LoginRequestBody.swift */ = {isa = PBXFileReference; lastKnownFileType = sourcecode.swift; path = LoginRequestBody.swift; sourceTree = "<group>"; };
		5E9B94E32A32320D00A7A0CE /* Host.swift */ = {isa = PBXFileReference; lastKnownFileType = sourcecode.swift; path = Host.swift; sourceTree = "<group>"; };
		5E9B94E52A32321D00A7A0CE /* Team.swift */ = {isa = PBXFileReference; lastKnownFileType = sourcecode.swift; path = Team.swift; sourceTree = "<group>"; };
		5E9B94E72A32323300A7A0CE /* Endpoint.swift */ = {isa = PBXFileReference; lastKnownFileType = sourcecode.swift; path = Endpoint.swift; sourceTree = "<group>"; };
		5ECF5D462AF405E200108411 /* SignedOutView.swift */ = {isa = PBXFileReference; lastKnownFileType = sourcecode.swift; name = SignedOutView.swift; path = FleetDMViewer/Views/SignedOutView.swift; sourceTree = SOURCE_ROOT; };
		5EDA66B92A2A4955006706CD /* FleetDMViewer.app */ = {isa = PBXFileReference; explicitFileType = wrapper.application; includeInIndex = 0; path = FleetDMViewer.app; sourceTree = BUILT_PRODUCTS_DIR; };
		5EDA66BC2A2A4955006706CD /* FleetDMViewerApp.swift */ = {isa = PBXFileReference; lastKnownFileType = sourcecode.swift; path = FleetDMViewerApp.swift; sourceTree = "<group>"; };
		5EDA66C02A2A4955006706CD /* Assets.xcassets */ = {isa = PBXFileReference; lastKnownFileType = folder.assetcatalog; path = Assets.xcassets; sourceTree = "<group>"; };
		5EDA66C22A2A4955006706CD /* FleetDMViewer.entitlements */ = {isa = PBXFileReference; lastKnownFileType = text.plist.entitlements; path = FleetDMViewer.entitlements; sourceTree = "<group>"; };
		5EDA66C42A2A4955006706CD /* Preview Assets.xcassets */ = {isa = PBXFileReference; lastKnownFileType = folder.assetcatalog; path = "Preview Assets.xcassets"; sourceTree = "<group>"; };
		5EDA66CB2A2A4979006706CD /* TeamsView.swift */ = {isa = PBXFileReference; fileEncoding = 4; lastKnownFileType = sourcecode.swift; path = TeamsView.swift; sourceTree = "<group>"; };
		5EDA66CE2A2A4979006706CD /* LoginView.swift */ = {isa = PBXFileReference; fileEncoding = 4; lastKnownFileType = sourcecode.swift; path = LoginView.swift; sourceTree = "<group>"; };
		5EDA66D02A2A4979006706CD /* NetworkManager.swift */ = {isa = PBXFileReference; fileEncoding = 4; lastKnownFileType = sourcecode.swift; path = NetworkManager.swift; sourceTree = "<group>"; };
		5EDC18032A3A506200691C2E /* User.swift */ = {isa = PBXFileReference; lastKnownFileType = sourcecode.swift; path = User.swift; sourceTree = "<group>"; };
		5EDC18072A3B8FDF00691C2E /* HostRow.swift */ = {isa = PBXFileReference; lastKnownFileType = sourcecode.swift; path = HostRow.swift; sourceTree = "<group>"; };
		5EDC18092A3B961400691C2E /* ContentView.swift */ = {isa = PBXFileReference; lastKnownFileType = sourcecode.swift; path = ContentView.swift; sourceTree = "<group>"; };
		5EDC180B2A3B96D500691C2E /* DetailView.swift */ = {isa = PBXFileReference; lastKnownFileType = sourcecode.swift; path = DetailView.swift; sourceTree = "<group>"; };
		5EDC180D2A409DB100691C2E /* PoliciesView.swift */ = {isa = PBXFileReference; lastKnownFileType = sourcecode.swift; path = PoliciesView.swift; sourceTree = "<group>"; };
		5EEA90922A8EA24200FEA5E4 /* MDMCommandMenu.swift */ = {isa = PBXFileReference; lastKnownFileType = sourcecode.swift; path = MDMCommandMenu.swift; sourceTree = "<group>"; };
		5EEA90942A93C37100FEA5E4 /* DataController.swift */ = {isa = PBXFileReference; lastKnownFileType = sourcecode.swift; name = DataController.swift; path = FleetDMViewer/Controllers/DataController.swift; sourceTree = SOURCE_ROOT; };
		5EEA90972A93E9D800FEA5E4 /* ServerSelectionView.swift */ = {isa = PBXFileReference; lastKnownFileType = sourcecode.swift; path = ServerSelectionView.swift; sourceTree = "<group>"; };
		5EEA90992A94FEF700FEA5E4 /* SettingsView.swift */ = {isa = PBXFileReference; lastKnownFileType = sourcecode.swift; path = SettingsView.swift; sourceTree = "<group>"; };
		5EEA909E2A96701500FEA5E4 /* DataModel.xcdatamodel */ = {isa = PBXFileReference; lastKnownFileType = wrapper.xcdatamodel; path = DataModel.xcdatamodel; sourceTree = "<group>"; };
		5EEA90A82A96948E00FEA5E4 /* CachedUser+CoreDataClass.swift */ = {isa = PBXFileReference; lastKnownFileType = sourcecode.swift; path = "CachedUser+CoreDataClass.swift"; sourceTree = "<group>"; };
		5EEA90A92A96948E00FEA5E4 /* CachedUser+CoreDataProperties.swift */ = {isa = PBXFileReference; lastKnownFileType = sourcecode.swift; path = "CachedUser+CoreDataProperties.swift"; sourceTree = "<group>"; };
		5EEA90D42A97DA0300FEA5E4 /* CachedTeam+CoreDataClass.swift */ = {isa = PBXFileReference; lastKnownFileType = sourcecode.swift; path = "CachedTeam+CoreDataClass.swift"; sourceTree = "<group>"; };
		5EEA90D52A97DA0300FEA5E4 /* CachedTeam+CoreDataProperties.swift */ = {isa = PBXFileReference; lastKnownFileType = sourcecode.swift; path = "CachedTeam+CoreDataProperties.swift"; sourceTree = "<group>"; };
		5EEA90D62A97DA0300FEA5E4 /* CachedSoftware+CoreDataClass.swift */ = {isa = PBXFileReference; lastKnownFileType = sourcecode.swift; path = "CachedSoftware+CoreDataClass.swift"; sourceTree = "<group>"; };
		5EEA90D72A97DA0300FEA5E4 /* CachedSoftware+CoreDataProperties.swift */ = {isa = PBXFileReference; lastKnownFileType = sourcecode.swift; path = "CachedSoftware+CoreDataProperties.swift"; sourceTree = "<group>"; };
		5EEA90D82A97DA0300FEA5E4 /* CachedVulnerability+CoreDataClass.swift */ = {isa = PBXFileReference; lastKnownFileType = sourcecode.swift; path = "CachedVulnerability+CoreDataClass.swift"; sourceTree = "<group>"; };
		5EEA90D92A97DA0300FEA5E4 /* CachedVulnerability+CoreDataProperties.swift */ = {isa = PBXFileReference; lastKnownFileType = sourcecode.swift; path = "CachedVulnerability+CoreDataProperties.swift"; sourceTree = "<group>"; };
		5EEA90DA2A97DA0300FEA5E4 /* CachedBattery+CoreDataClass.swift */ = {isa = PBXFileReference; lastKnownFileType = sourcecode.swift; path = "CachedBattery+CoreDataClass.swift"; sourceTree = "<group>"; };
		5EEA90DB2A97DA0300FEA5E4 /* CachedBattery+CoreDataProperties.swift */ = {isa = PBXFileReference; lastKnownFileType = sourcecode.swift; path = "CachedBattery+CoreDataProperties.swift"; sourceTree = "<group>"; };
		5EEA90DC2A97DA0300FEA5E4 /* CachedProfile+CoreDataClass.swift */ = {isa = PBXFileReference; lastKnownFileType = sourcecode.swift; path = "CachedProfile+CoreDataClass.swift"; sourceTree = "<group>"; };
		5EEA90DD2A97DA0300FEA5E4 /* CachedProfile+CoreDataProperties.swift */ = {isa = PBXFileReference; lastKnownFileType = sourcecode.swift; path = "CachedProfile+CoreDataProperties.swift"; sourceTree = "<group>"; };
		5EEA90DE2A97DA0300FEA5E4 /* CachedHost+CoreDataClass.swift */ = {isa = PBXFileReference; lastKnownFileType = sourcecode.swift; path = "CachedHost+CoreDataClass.swift"; sourceTree = "<group>"; };
		5EEA90DF2A97DA0300FEA5E4 /* CachedHost+CoreDataProperties.swift */ = {isa = PBXFileReference; lastKnownFileType = sourcecode.swift; path = "CachedHost+CoreDataProperties.swift"; sourceTree = "<group>"; };
		5EEA90F52A97DAF900FEA5E4 /* CachedPolicy+CoreDataClass.swift */ = {isa = PBXFileReference; lastKnownFileType = sourcecode.swift; path = "CachedPolicy+CoreDataClass.swift"; sourceTree = "<group>"; };
		5EEA90F62A97DAF900FEA5E4 /* CachedPolicy+CoreDataProperties.swift */ = {isa = PBXFileReference; lastKnownFileType = sourcecode.swift; path = "CachedPolicy+CoreDataProperties.swift"; sourceTree = "<group>"; };
		5EEA90F92A97DB8B00FEA5E4 /* CachedMdm+CoreDataClass.swift */ = {isa = PBXFileReference; lastKnownFileType = sourcecode.swift; path = "CachedMdm+CoreDataClass.swift"; sourceTree = "<group>"; };
		5EEA90FA2A97DB8B00FEA5E4 /* CachedMdm+CoreDataProperties.swift */ = {isa = PBXFileReference; lastKnownFileType = sourcecode.swift; path = "CachedMdm+CoreDataProperties.swift"; sourceTree = "<group>"; };
		5EEA91012A97F1BA00FEA5E4 /* CachedUserTeam+CoreDataClass.swift */ = {isa = PBXFileReference; lastKnownFileType = sourcecode.swift; path = "CachedUserTeam+CoreDataClass.swift"; sourceTree = "<group>"; };
		5EEA91022A97F1BA00FEA5E4 /* CachedUserTeam+CoreDataProperties.swift */ = {isa = PBXFileReference; lastKnownFileType = sourcecode.swift; path = "CachedUserTeam+CoreDataProperties.swift"; sourceTree = "<group>"; };
		5EFC7ADE2A9E8F9A00C2ED06 /* Filter.swift */ = {isa = PBXFileReference; lastKnownFileType = sourcecode.swift; path = Filter.swift; sourceTree = "<group>"; };
/* End PBXFileReference section */

/* Begin PBXFrameworksBuildPhase section */
		5EDA66B62A2A4955006706CD /* Frameworks */ = {
			isa = PBXFrameworksBuildPhase;
			buildActionMask = 2147483647;
			files = (
				5EDA66E12A2A4996006706CD /* KeychainWrapper in Frameworks */,
			);
			runOnlyForDeploymentPostprocessing = 0;
		};
/* End PBXFrameworksBuildPhase section */

/* Begin PBXGroup section */
		5E028F4A2A4DCE3300D90456 /* HostViews */ = {
			isa = PBXGroup;
			children = (
				5EDC18072A3B8FDF00691C2E /* HostRow.swift */,
				5E9039312A45FC250077F3DC /* HostView.swift */,
				5EEA90922A8EA24200FEA5E4 /* MDMCommandMenu.swift */,
				5E7DAB0C2A339C7F00DDFAFC /* NoHostView.swift */,
			);
			path = HostViews;
			sourceTree = "<group>";
		};
		5E028F4B2A4DCE9100D90456 /* SoftwareViews */ = {
			isa = PBXGroup;
			children = (
				5E9038D42A4384F50077F3DC /* SoftwareView.swift */,
				5E9038D62A4387670077F3DC /* SoftwareRow.swift */,
				5E9038D82A43944B0077F3DC /* SoftwareDetailView.swift */,
			);
			path = SoftwareViews;
			sourceTree = "<group>";
		};
		5E028F4C2A4DCEA700D90456 /* PoliciesViews */ = {
			isa = PBXGroup;
			children = (
				5EDC180D2A409DB100691C2E /* PoliciesView.swift */,
				5E9038DA2A43A0F60077F3DC /* ProfilesRow.swift */,
				5E9038DC2A43A3AE0077F3DC /* ProfilesView.swift */,
			);
			path = PoliciesViews;
			sourceTree = "<group>";
		};
		5E028F4F2A4DCF0300D90456 /* CommandsView */ = {
			isa = PBXGroup;
			children = (
				5E028F4D2A4DCEF300D90456 /* CommandsView.swift */,
				5E028F502A4DE24400D90456 /* CommandRow.swift */,
			);
			path = CommandsView;
			sourceTree = "<group>";
		};
		5E028F542A4E26B500D90456 /* Teams */ = {
			isa = PBXGroup;
			children = (
				5EDA66CB2A2A4979006706CD /* TeamsView.swift */,
				5E8260402AA1230B0021289B /* SmartFilterRow.swift */,
				5E028F522A4E26AD00D90456 /* NoHostsView.swift */,
			);
			path = Teams;
			sourceTree = "<group>";
		};
		5E2A7D092B054C5A00D1EFFE /* Extensions */ = {
			isa = PBXGroup;
			children = (
				5E2A7D0C2B05577200D1EFFE /* Date-Extension.swift */,
			);
			path = Extensions;
			sourceTree = "<group>";
		};
		5E9B94E02A3231E600A7A0CE /* Models */ = {
			isa = PBXGroup;
			children = (
				5EEA90F22A97DA3500FEA5E4 /* Core Data */,
				5EEA909D2A96701500FEA5E4 /* FleetDMViewer.xcdatamodeld */,
				5E9B94E72A32323300A7A0CE /* Endpoint.swift */,
				5E9B94E32A32320D00A7A0CE /* Host.swift */,
				5E9B94E12A3231F900A7A0CE /* LoginRequestBody.swift */,
				5E9038DE2A44AF6F0077F3DC /* MDMCommands.swift */,
				5E9B94E52A32321D00A7A0CE /* Team.swift */,
				5EDC18032A3A506200691C2E /* User.swift */,
				5EFC7ADE2A9E8F9A00C2ED06 /* Filter.swift */,
			);
			path = Models;
			sourceTree = "<group>";
		};
		5EDA66B02A2A4955006706CD = {
			isa = PBXGroup;
			children = (
				5EDA66BB2A2A4955006706CD /* FleetDMViewer */,
				5EDA66BA2A2A4955006706CD /* Products */,
			);
			sourceTree = "<group>";
		};
		5EDA66BA2A2A4955006706CD /* Products */ = {
			isa = PBXGroup;
			children = (
				5EDA66B92A2A4955006706CD /* FleetDMViewer.app */,
			);
			name = Products;
			sourceTree = "<group>";
		};
		5EDA66BB2A2A4955006706CD /* FleetDMViewer */ = {
			isa = PBXGroup;
			children = (
				5E2A7D092B054C5A00D1EFFE /* Extensions */,
				5EDA66BC2A2A4955006706CD /* FleetDMViewerApp.swift */,
				5E028F442A4C9AC500D90456 /* FileManager-DocumentsDirectory.swift */,
				5EEA90962A93C37D00FEA5E4 /* Controllers */,
				5E9B94E02A3231E600A7A0CE /* Models */,
				5EDA66E22A2A4A13006706CD /* Views */,
				5EDA66C02A2A4955006706CD /* Assets.xcassets */,
				5EDA66C22A2A4955006706CD /* FleetDMViewer.entitlements */,
				5EDA66C32A2A4955006706CD /* Preview Content */,
			);
			path = FleetDMViewer;
			sourceTree = "<group>";
		};
		5EDA66C32A2A4955006706CD /* Preview Content */ = {
			isa = PBXGroup;
			children = (
				5EDA66C42A2A4955006706CD /* Preview Assets.xcassets */,
			);
			path = "Preview Content";
			sourceTree = "<group>";
		};
		5EDA66E22A2A4A13006706CD /* Views */ = {
			isa = PBXGroup;
			children = (
				5E028F542A4E26B500D90456 /* Teams */,
				5E028F4F2A4DCF0300D90456 /* CommandsView */,
				5E028F4C2A4DCEA700D90456 /* PoliciesViews */,
				5E028F4B2A4DCE9100D90456 /* SoftwareViews */,
				5E028F4A2A4DCE3300D90456 /* HostViews */,
				5EDC18092A3B961400691C2E /* ContentView.swift */,
				5EDC180B2A3B96D500691C2E /* DetailView.swift */,
				5ECF5D462AF405E200108411 /* SignedOutView.swift */,
				5EEA90972A93E9D800FEA5E4 /* ServerSelectionView.swift */,
				5EEA90992A94FEF700FEA5E4 /* SettingsView.swift */,
				5EDA66CE2A2A4979006706CD /* LoginView.swift */,
			);
			path = Views;
			sourceTree = "<group>";
		};
		5EEA90962A93C37D00FEA5E4 /* Controllers */ = {
			isa = PBXGroup;
			children = (
				5EEA90942A93C37100FEA5E4 /* DataController.swift */,
				5EDA66D02A2A4979006706CD /* NetworkManager.swift */,
			);
			path = Controllers;
			sourceTree = "<group>";
		};
		5EEA90F22A97DA3500FEA5E4 /* Core Data */ = {
			isa = PBXGroup;
			children = (
				5E65E6242B07F1D80023341D /* CachedCommandResponse+CoreDataClass.swift */,
				5E65E6252B07F1D80023341D /* CachedCommandResponse+CoreDataProperties.swift */,
				5EEA91012A97F1BA00FEA5E4 /* CachedUserTeam+CoreDataClass.swift */,
				5EEA91022A97F1BA00FEA5E4 /* CachedUserTeam+CoreDataProperties.swift */,
				5EEA90F92A97DB8B00FEA5E4 /* CachedMdm+CoreDataClass.swift */,
				5EEA90FA2A97DB8B00FEA5E4 /* CachedMdm+CoreDataProperties.swift */,
				5EEA90F52A97DAF900FEA5E4 /* CachedPolicy+CoreDataClass.swift */,
				5EEA90F62A97DAF900FEA5E4 /* CachedPolicy+CoreDataProperties.swift */,
				5EEA90D42A97DA0300FEA5E4 /* CachedTeam+CoreDataClass.swift */,
				5EEA90D52A97DA0300FEA5E4 /* CachedTeam+CoreDataProperties.swift */,
				5EEA90D62A97DA0300FEA5E4 /* CachedSoftware+CoreDataClass.swift */,
				5EEA90D72A97DA0300FEA5E4 /* CachedSoftware+CoreDataProperties.swift */,
				5EEA90D82A97DA0300FEA5E4 /* CachedVulnerability+CoreDataClass.swift */,
				5EEA90D92A97DA0300FEA5E4 /* CachedVulnerability+CoreDataProperties.swift */,
				5EEA90DA2A97DA0300FEA5E4 /* CachedBattery+CoreDataClass.swift */,
				5EEA90DB2A97DA0300FEA5E4 /* CachedBattery+CoreDataProperties.swift */,
				5EEA90DC2A97DA0300FEA5E4 /* CachedProfile+CoreDataClass.swift */,
				5EEA90DD2A97DA0300FEA5E4 /* CachedProfile+CoreDataProperties.swift */,
				5EEA90DE2A97DA0300FEA5E4 /* CachedHost+CoreDataClass.swift */,
				5EEA90DF2A97DA0300FEA5E4 /* CachedHost+CoreDataProperties.swift */,
				5EEA90A82A96948E00FEA5E4 /* CachedUser+CoreDataClass.swift */,
				5EEA90A92A96948E00FEA5E4 /* CachedUser+CoreDataProperties.swift */,
			);
			path = "Core Data";
			sourceTree = "<group>";
		};
/* End PBXGroup section */

/* Begin PBXNativeTarget section */
		5EDA66B82A2A4955006706CD /* FleetDMViewer */ = {
			isa = PBXNativeTarget;
			buildConfigurationList = 5EDA66C82A2A4955006706CD /* Build configuration list for PBXNativeTarget "FleetDMViewer" */;
			buildPhases = (
				5EDA66B52A2A4955006706CD /* Sources */,
				5EDA66B62A2A4955006706CD /* Frameworks */,
				5EDA66B72A2A4955006706CD /* Resources */,
				5E3E199D2AD890BB007E3BD7 /* ShellScript */,
			);
			buildRules = (
			);
			dependencies = (
			);
			name = FleetDMViewer;
			packageProductDependencies = (
				5EDA66E02A2A4996006706CD /* KeychainWrapper */,
			);
			productName = FleetDMViewer;
			productReference = 5EDA66B92A2A4955006706CD /* FleetDMViewer.app */;
			productType = "com.apple.product-type.application";
		};
/* End PBXNativeTarget section */

/* Begin PBXProject section */
		5EDA66B12A2A4955006706CD /* Project object */ = {
			isa = PBXProject;
			attributes = {
				BuildIndependentTargetsInParallel = 1;
				LastSwiftUpdateCheck = 1430;
				LastUpgradeCheck = 1500;
				TargetAttributes = {
					5EDA66B82A2A4955006706CD = {
						CreatedOnToolsVersion = 14.3.1;
					};
				};
			};
			buildConfigurationList = 5EDA66B42A2A4955006706CD /* Build configuration list for PBXProject "FleetDMViewer" */;
			compatibilityVersion = "Xcode 14.0";
			developmentRegion = en;
			hasScannedForEncodings = 0;
			knownRegions = (
				en,
				Base,
			);
			mainGroup = 5EDA66B02A2A4955006706CD;
			packageReferences = (
				5EDA66DF2A2A4996006706CD /* XCRemoteSwiftPackageReference "KeychainWrapper" */,
			);
			productRefGroup = 5EDA66BA2A2A4955006706CD /* Products */;
			projectDirPath = "";
			projectRoot = "";
			targets = (
				5EDA66B82A2A4955006706CD /* FleetDMViewer */,
			);
		};
/* End PBXProject section */

/* Begin PBXResourcesBuildPhase section */
		5EDA66B72A2A4955006706CD /* Resources */ = {
			isa = PBXResourcesBuildPhase;
			buildActionMask = 2147483647;
			files = (
				5EDA66C52A2A4955006706CD /* Preview Assets.xcassets in Resources */,
				5EDA66C12A2A4955006706CD /* Assets.xcassets in Resources */,
			);
			runOnlyForDeploymentPostprocessing = 0;
		};
/* End PBXResourcesBuildPhase section */

/* Begin PBXShellScriptBuildPhase section */
		5E3E199D2AD890BB007E3BD7 /* ShellScript */ = {
			isa = PBXShellScriptBuildPhase;
			alwaysOutOfDate = 1;
			buildActionMask = 2147483647;
			files = (
			);
			inputFileListPaths = (
			);
			inputPaths = (
			);
			outputFileListPaths = (
			);
			outputPaths = (
			);
			runOnlyForDeploymentPostprocessing = 0;
			shellPath = /bin/sh;
			shellScript = "if [[ \"$(uname -m)\" == arm64 ]]; then\n    export PATH=\"/opt/homebrew/bin:$PATH\"\nfi\n\nif which swiftlint > /dev/null; then\n  swiftlint --fix && swiftlint\nelse\n  echo \"warning: SwiftLint not installed, download from https://github.com/realm/SwiftLint\"\nfi\n";
		};
/* End PBXShellScriptBuildPhase section */

/* Begin PBXSourcesBuildPhase section */
		5EDA66B52A2A4955006706CD /* Sources */ = {
			isa = PBXSourcesBuildPhase;
			buildActionMask = 2147483647;
			files = (
				5EEA90EB2A97DA0300FEA5E4 /* CachedBattery+CoreDataProperties.swift in Sources */,
				5EEA90E82A97DA0300FEA5E4 /* CachedVulnerability+CoreDataClass.swift in Sources */,
				5E9B94E42A32320D00A7A0CE /* Host.swift in Sources */,
				5EDA66BD2A2A4955006706CD /* FleetDMViewerApp.swift in Sources */,
				5EEA90982A93E9D800FEA5E4 /* ServerSelectionView.swift in Sources */,
				5EEA90E72A97DA0300FEA5E4 /* CachedSoftware+CoreDataProperties.swift in Sources */,
				5E65E6262B07F1D80023341D /* CachedCommandResponse+CoreDataClass.swift in Sources */,
				5E9038D92A43944B0077F3DC /* SoftwareDetailView.swift in Sources */,
				5EEA90E52A97DA0300FEA5E4 /* CachedTeam+CoreDataProperties.swift in Sources */,
				5E9038DF2A44AF6F0077F3DC /* MDMCommands.swift in Sources */,
				5EEA90EA2A97DA0300FEA5E4 /* CachedBattery+CoreDataClass.swift in Sources */,
				5EDA66D52A2A4979006706CD /* TeamsView.swift in Sources */,
				5E028F4E2A4DCEF300D90456 /* CommandsView.swift in Sources */,
				5EDA66DA2A2A4979006706CD /* NetworkManager.swift in Sources */,
				5EEA90F72A97DAF900FEA5E4 /* CachedPolicy+CoreDataClass.swift in Sources */,
				5E028F532A4E26AD00D90456 /* NoHostsView.swift in Sources */,
				5EEA90E62A97DA0300FEA5E4 /* CachedSoftware+CoreDataClass.swift in Sources */,
				5EEA909A2A94FEF700FEA5E4 /* SettingsView.swift in Sources */,
				5E9038D72A4387670077F3DC /* SoftwareRow.swift in Sources */,
				5EDC180C2A3B96D500691C2E /* DetailView.swift in Sources */,
				5EEA90AD2A96948E00FEA5E4 /* CachedUser+CoreDataProperties.swift in Sources */,
				5E9039322A45FC250077F3DC /* HostView.swift in Sources */,
				5EEA90ED2A97DA0300FEA5E4 /* CachedProfile+CoreDataProperties.swift in Sources */,
				5EEA90952A93C37100FEA5E4 /* DataController.swift in Sources */,
				5EEA90E92A97DA0300FEA5E4 /* CachedVulnerability+CoreDataProperties.swift in Sources */,
				5EDA66D82A2A4979006706CD /* LoginView.swift in Sources */,
				5E9B94E62A32321D00A7A0CE /* Team.swift in Sources */,
				5E7DAB0D2A339C7F00DDFAFC /* NoHostView.swift in Sources */,
				5E9B94E22A3231F900A7A0CE /* LoginRequestBody.swift in Sources */,
				5E028F452A4C9AC500D90456 /* FileManager-DocumentsDirectory.swift in Sources */,
				5ECF5D472AF405E200108411 /* SignedOutView.swift in Sources */,
				5EEA90AC2A96948E00FEA5E4 /* CachedUser+CoreDataClass.swift in Sources */,
				5E8260412AA1230B0021289B /* SmartFilterRow.swift in Sources */,
				5EEA91042A97F1BA00FEA5E4 /* CachedUserTeam+CoreDataProperties.swift in Sources */,
				5EEA90FC2A97DB8B00FEA5E4 /* CachedMdm+CoreDataProperties.swift in Sources */,
				5E9B94E82A32323300A7A0CE /* Endpoint.swift in Sources */,
				5EEA90EE2A97DA0300FEA5E4 /* CachedHost+CoreDataClass.swift in Sources */,
				5EDC180A2A3B961400691C2E /* ContentView.swift in Sources */,
				5EEA91032A97F1BA00FEA5E4 /* CachedUserTeam+CoreDataClass.swift in Sources */,
				5EDC180E2A409DB100691C2E /* PoliciesView.swift in Sources */,
				5EEA90932A8EA24200FEA5E4 /* MDMCommandMenu.swift in Sources */,
				5E028F512A4DE24400D90456 /* CommandRow.swift in Sources */,
				5EEA909F2A96701500FEA5E4 /* FleetDMViewer.xcdatamodeld in Sources */,
				5EEA90E42A97DA0300FEA5E4 /* CachedTeam+CoreDataClass.swift in Sources */,
				5E9038DB2A43A0F60077F3DC /* ProfilesRow.swift in Sources */,
				5EEA90FB2A97DB8B00FEA5E4 /* CachedMdm+CoreDataClass.swift in Sources */,
				5EEA90F82A97DAF900FEA5E4 /* CachedPolicy+CoreDataProperties.swift in Sources */,
				5EDC18042A3A506200691C2E /* User.swift in Sources */,
				5EDC18082A3B8FDF00691C2E /* HostRow.swift in Sources */,
				5EEA90EC2A97DA0300FEA5E4 /* CachedProfile+CoreDataClass.swift in Sources */,
				5E65E6272B07F1D80023341D /* CachedCommandResponse+CoreDataProperties.swift in Sources */,
				5E9038DD2A43A3AE0077F3DC /* ProfilesView.swift in Sources */,
				5EFC7ADF2A9E8F9A00C2ED06 /* Filter.swift in Sources */,
				5EEA90EF2A97DA0300FEA5E4 /* CachedHost+CoreDataProperties.swift in Sources */,
				5E9038D52A4384F50077F3DC /* SoftwareView.swift in Sources */,
				5E2A7D0D2B05577200D1EFFE /* Date-Extension.swift in Sources */,
			);
			runOnlyForDeploymentPostprocessing = 0;
		};
/* End PBXSourcesBuildPhase section */

/* Begin XCBuildConfiguration section */
		5EDA66C62A2A4955006706CD /* Debug */ = {
			isa = XCBuildConfiguration;
			buildSettings = {
				ALWAYS_SEARCH_USER_PATHS = NO;
				CLANG_ANALYZER_NONNULL = YES;
				CLANG_ANALYZER_NUMBER_OBJECT_CONVERSION = YES_AGGRESSIVE;
				CLANG_CXX_LANGUAGE_STANDARD = "gnu++20";
				CLANG_ENABLE_MODULES = YES;
				CLANG_ENABLE_OBJC_ARC = YES;
				CLANG_ENABLE_OBJC_WEAK = YES;
				CLANG_WARN_BLOCK_CAPTURE_AUTORELEASING = YES;
				CLANG_WARN_BOOL_CONVERSION = YES;
				CLANG_WARN_COMMA = YES;
				CLANG_WARN_CONSTANT_CONVERSION = YES;
				CLANG_WARN_DEPRECATED_OBJC_IMPLEMENTATIONS = YES;
				CLANG_WARN_DIRECT_OBJC_ISA_USAGE = YES_ERROR;
				CLANG_WARN_DOCUMENTATION_COMMENTS = YES;
				CLANG_WARN_EMPTY_BODY = YES;
				CLANG_WARN_ENUM_CONVERSION = YES;
				CLANG_WARN_INFINITE_RECURSION = YES;
				CLANG_WARN_INT_CONVERSION = YES;
				CLANG_WARN_NON_LITERAL_NULL_CONVERSION = YES;
				CLANG_WARN_OBJC_IMPLICIT_RETAIN_SELF = YES;
				CLANG_WARN_OBJC_LITERAL_CONVERSION = YES;
				CLANG_WARN_OBJC_ROOT_CLASS = YES_ERROR;
				CLANG_WARN_QUOTED_INCLUDE_IN_FRAMEWORK_HEADER = YES;
				CLANG_WARN_RANGE_LOOP_ANALYSIS = YES;
				CLANG_WARN_STRICT_PROTOTYPES = YES;
				CLANG_WARN_SUSPICIOUS_MOVE = YES;
				CLANG_WARN_UNGUARDED_AVAILABILITY = YES_AGGRESSIVE;
				CLANG_WARN_UNREACHABLE_CODE = YES;
				CLANG_WARN__DUPLICATE_METHOD_MATCH = YES;
				COPY_PHASE_STRIP = NO;
				DEAD_CODE_STRIPPING = YES;
				DEBUG_INFORMATION_FORMAT = dwarf;
				ENABLE_STRICT_OBJC_MSGSEND = YES;
				ENABLE_TESTABILITY = YES;
				ENABLE_USER_SCRIPT_SANDBOXING = YES;
				GCC_C_LANGUAGE_STANDARD = gnu11;
				GCC_DYNAMIC_NO_PIC = NO;
				GCC_NO_COMMON_BLOCKS = YES;
				GCC_OPTIMIZATION_LEVEL = 0;
				GCC_PREPROCESSOR_DEFINITIONS = (
					"DEBUG=1",
					"$(inherited)",
				);
				GCC_WARN_64_TO_32_BIT_CONVERSION = YES;
				GCC_WARN_ABOUT_RETURN_TYPE = YES_ERROR;
				GCC_WARN_UNDECLARED_SELECTOR = YES;
				GCC_WARN_UNINITIALIZED_AUTOS = YES_AGGRESSIVE;
				GCC_WARN_UNUSED_FUNCTION = YES;
				GCC_WARN_UNUSED_VARIABLE = YES;
				MTL_ENABLE_DEBUG_INFO = INCLUDE_SOURCE;
				MTL_FAST_MATH = YES;
				ONLY_ACTIVE_ARCH = YES;
				SWIFT_ACTIVE_COMPILATION_CONDITIONS = DEBUG;
				SWIFT_OPTIMIZATION_LEVEL = "-Onone";
			};
			name = Debug;
		};
		5EDA66C72A2A4955006706CD /* Release */ = {
			isa = XCBuildConfiguration;
			buildSettings = {
				ALWAYS_SEARCH_USER_PATHS = NO;
				CLANG_ANALYZER_NONNULL = YES;
				CLANG_ANALYZER_NUMBER_OBJECT_CONVERSION = YES_AGGRESSIVE;
				CLANG_CXX_LANGUAGE_STANDARD = "gnu++20";
				CLANG_ENABLE_MODULES = YES;
				CLANG_ENABLE_OBJC_ARC = YES;
				CLANG_ENABLE_OBJC_WEAK = YES;
				CLANG_WARN_BLOCK_CAPTURE_AUTORELEASING = YES;
				CLANG_WARN_BOOL_CONVERSION = YES;
				CLANG_WARN_COMMA = YES;
				CLANG_WARN_CONSTANT_CONVERSION = YES;
				CLANG_WARN_DEPRECATED_OBJC_IMPLEMENTATIONS = YES;
				CLANG_WARN_DIRECT_OBJC_ISA_USAGE = YES_ERROR;
				CLANG_WARN_DOCUMENTATION_COMMENTS = YES;
				CLANG_WARN_EMPTY_BODY = YES;
				CLANG_WARN_ENUM_CONVERSION = YES;
				CLANG_WARN_INFINITE_RECURSION = YES;
				CLANG_WARN_INT_CONVERSION = YES;
				CLANG_WARN_NON_LITERAL_NULL_CONVERSION = YES;
				CLANG_WARN_OBJC_IMPLICIT_RETAIN_SELF = YES;
				CLANG_WARN_OBJC_LITERAL_CONVERSION = YES;
				CLANG_WARN_OBJC_ROOT_CLASS = YES_ERROR;
				CLANG_WARN_QUOTED_INCLUDE_IN_FRAMEWORK_HEADER = YES;
				CLANG_WARN_RANGE_LOOP_ANALYSIS = YES;
				CLANG_WARN_STRICT_PROTOTYPES = YES;
				CLANG_WARN_SUSPICIOUS_MOVE = YES;
				CLANG_WARN_UNGUARDED_AVAILABILITY = YES_AGGRESSIVE;
				CLANG_WARN_UNREACHABLE_CODE = YES;
				CLANG_WARN__DUPLICATE_METHOD_MATCH = YES;
				COPY_PHASE_STRIP = NO;
				DEAD_CODE_STRIPPING = YES;
				DEBUG_INFORMATION_FORMAT = "dwarf-with-dsym";
				ENABLE_NS_ASSERTIONS = NO;
				ENABLE_STRICT_OBJC_MSGSEND = YES;
				ENABLE_USER_SCRIPT_SANDBOXING = YES;
				GCC_C_LANGUAGE_STANDARD = gnu11;
				GCC_NO_COMMON_BLOCKS = YES;
				GCC_WARN_64_TO_32_BIT_CONVERSION = YES;
				GCC_WARN_ABOUT_RETURN_TYPE = YES_ERROR;
				GCC_WARN_UNDECLARED_SELECTOR = YES;
				GCC_WARN_UNINITIALIZED_AUTOS = YES_AGGRESSIVE;
				GCC_WARN_UNUSED_FUNCTION = YES;
				GCC_WARN_UNUSED_VARIABLE = YES;
				MTL_ENABLE_DEBUG_INFO = NO;
				MTL_FAST_MATH = YES;
				SWIFT_COMPILATION_MODE = wholemodule;
				SWIFT_OPTIMIZATION_LEVEL = "-O";
			};
			name = Release;
		};
		5EDA66C92A2A4955006706CD /* Debug */ = {
			isa = XCBuildConfiguration;
			buildSettings = {
				ASSETCATALOG_COMPILER_APPICON_NAME = AppIcon;
				ASSETCATALOG_COMPILER_GLOBAL_ACCENT_COLOR_NAME = AccentColor;
				CODE_SIGN_ENTITLEMENTS = FleetDMViewer/FleetDMViewer.entitlements;
				CODE_SIGN_STYLE = Automatic;
				CURRENT_PROJECT_VERSION = 1;
				DEAD_CODE_STRIPPING = YES;
				DEVELOPMENT_ASSET_PATHS = "\"FleetDMViewer/Preview Content\"";
				DEVELOPMENT_TEAM = 8FTCWEV5FL;
				ENABLE_HARDENED_RUNTIME = YES;
				ENABLE_PREVIEWS = YES;
				ENABLE_USER_SCRIPT_SANDBOXING = NO;
				GENERATE_INFOPLIST_FILE = YES;
				INFOPLIST_KEY_LSApplicationCategoryType = "public.app-category.developer-tools";
				"INFOPLIST_KEY_UIApplicationSceneManifest_Generation[sdk=iphoneos*]" = YES;
				"INFOPLIST_KEY_UIApplicationSceneManifest_Generation[sdk=iphonesimulator*]" = YES;
				"INFOPLIST_KEY_UIApplicationSupportsIndirectInputEvents[sdk=iphoneos*]" = YES;
				"INFOPLIST_KEY_UIApplicationSupportsIndirectInputEvents[sdk=iphonesimulator*]" = YES;
				"INFOPLIST_KEY_UILaunchScreen_Generation[sdk=iphoneos*]" = YES;
				"INFOPLIST_KEY_UILaunchScreen_Generation[sdk=iphonesimulator*]" = YES;
				"INFOPLIST_KEY_UIStatusBarStyle[sdk=iphoneos*]" = UIStatusBarStyleDefault;
				"INFOPLIST_KEY_UIStatusBarStyle[sdk=iphonesimulator*]" = UIStatusBarStyleDefault;
				INFOPLIST_KEY_UISupportedInterfaceOrientations_iPad = "UIInterfaceOrientationPortrait UIInterfaceOrientationPortraitUpsideDown UIInterfaceOrientationLandscapeLeft UIInterfaceOrientationLandscapeRight";
				INFOPLIST_KEY_UISupportedInterfaceOrientations_iPhone = "UIInterfaceOrientationPortrait UIInterfaceOrientationLandscapeLeft UIInterfaceOrientationLandscapeRight";
				IPHONEOS_DEPLOYMENT_TARGET = 17.0;
				LD_RUNPATH_SEARCH_PATHS = "@executable_path/Frameworks";
				"LD_RUNPATH_SEARCH_PATHS[sdk=macosx*]" = "@executable_path/../Frameworks";
				MACOSX_DEPLOYMENT_TARGET = 14.0;
				MARKETING_VERSION = 0.1.0;
				PRODUCT_BUNDLE_IDENTIFIER = com.daleribeiro.FleetDMViewer;
				PRODUCT_NAME = "$(TARGET_NAME)";
				SDKROOT = auto;
				SUPPORTED_PLATFORMS = "iphoneos iphonesimulator macosx";
				SWIFT_EMIT_LOC_STRINGS = YES;
				SWIFT_VERSION = 5.0;
				TARGETED_DEVICE_FAMILY = "1,2";
			};
			name = Debug;
		};
		5EDA66CA2A2A4955006706CD /* Release */ = {
			isa = XCBuildConfiguration;
			buildSettings = {
				ASSETCATALOG_COMPILER_APPICON_NAME = AppIcon;
				ASSETCATALOG_COMPILER_GLOBAL_ACCENT_COLOR_NAME = AccentColor;
				CODE_SIGN_ENTITLEMENTS = FleetDMViewer/FleetDMViewer.entitlements;
				CODE_SIGN_STYLE = Automatic;
				CURRENT_PROJECT_VERSION = 1;
				DEAD_CODE_STRIPPING = YES;
				DEVELOPMENT_ASSET_PATHS = "\"FleetDMViewer/Preview Content\"";
				DEVELOPMENT_TEAM = 8FTCWEV5FL;
				ENABLE_HARDENED_RUNTIME = YES;
				ENABLE_PREVIEWS = YES;
				ENABLE_USER_SCRIPT_SANDBOXING = NO;
				GENERATE_INFOPLIST_FILE = YES;
				INFOPLIST_KEY_LSApplicationCategoryType = "public.app-category.developer-tools";
				"INFOPLIST_KEY_UIApplicationSceneManifest_Generation[sdk=iphoneos*]" = YES;
				"INFOPLIST_KEY_UIApplicationSceneManifest_Generation[sdk=iphonesimulator*]" = YES;
				"INFOPLIST_KEY_UIApplicationSupportsIndirectInputEvents[sdk=iphoneos*]" = YES;
				"INFOPLIST_KEY_UIApplicationSupportsIndirectInputEvents[sdk=iphonesimulator*]" = YES;
				"INFOPLIST_KEY_UILaunchScreen_Generation[sdk=iphoneos*]" = YES;
				"INFOPLIST_KEY_UILaunchScreen_Generation[sdk=iphonesimulator*]" = YES;
				"INFOPLIST_KEY_UIStatusBarStyle[sdk=iphoneos*]" = UIStatusBarStyleDefault;
				"INFOPLIST_KEY_UIStatusBarStyle[sdk=iphonesimulator*]" = UIStatusBarStyleDefault;
				INFOPLIST_KEY_UISupportedInterfaceOrientations_iPad = "UIInterfaceOrientationPortrait UIInterfaceOrientationPortraitUpsideDown UIInterfaceOrientationLandscapeLeft UIInterfaceOrientationLandscapeRight";
				INFOPLIST_KEY_UISupportedInterfaceOrientations_iPhone = "UIInterfaceOrientationPortrait UIInterfaceOrientationLandscapeLeft UIInterfaceOrientationLandscapeRight";
				IPHONEOS_DEPLOYMENT_TARGET = 17.0;
				LD_RUNPATH_SEARCH_PATHS = "@executable_path/Frameworks";
				"LD_RUNPATH_SEARCH_PATHS[sdk=macosx*]" = "@executable_path/../Frameworks";
				MACOSX_DEPLOYMENT_TARGET = 14.0;
				MARKETING_VERSION = 0.1.0;
				PRODUCT_BUNDLE_IDENTIFIER = com.daleribeiro.FleetDMViewer;
				PRODUCT_NAME = "$(TARGET_NAME)";
				SDKROOT = auto;
				SUPPORTED_PLATFORMS = "iphoneos iphonesimulator macosx";
				SWIFT_EMIT_LOC_STRINGS = YES;
				SWIFT_VERSION = 5.0;
				TARGETED_DEVICE_FAMILY = "1,2";
			};
			name = Release;
		};
/* End XCBuildConfiguration section */

/* Begin XCConfigurationList section */
		5EDA66B42A2A4955006706CD /* Build configuration list for PBXProject "FleetDMViewer" */ = {
			isa = XCConfigurationList;
			buildConfigurations = (
				5EDA66C62A2A4955006706CD /* Debug */,
				5EDA66C72A2A4955006706CD /* Release */,
			);
			defaultConfigurationIsVisible = 0;
			defaultConfigurationName = Release;
		};
		5EDA66C82A2A4955006706CD /* Build configuration list for PBXNativeTarget "FleetDMViewer" */ = {
			isa = XCConfigurationList;
			buildConfigurations = (
				5EDA66C92A2A4955006706CD /* Debug */,
				5EDA66CA2A2A4955006706CD /* Release */,
			);
			defaultConfigurationIsVisible = 0;
			defaultConfigurationName = Release;
		};
/* End XCConfigurationList section */

/* Begin XCRemoteSwiftPackageReference section */
		5EDA66DF2A2A4996006706CD /* XCRemoteSwiftPackageReference "KeychainWrapper" */ = {
			isa = XCRemoteSwiftPackageReference;
			repositoryURL = "https://github.com/puretears/KeychainWrapper";
			requirement = {
				kind = upToNextMajorVersion;
				minimumVersion = 1.0.0;
			};
		};
/* End XCRemoteSwiftPackageReference section */

/* Begin XCSwiftPackageProductDependency section */
		5EDA66E02A2A4996006706CD /* KeychainWrapper */ = {
			isa = XCSwiftPackageProductDependency;
			package = 5EDA66DF2A2A4996006706CD /* XCRemoteSwiftPackageReference "KeychainWrapper" */;
			productName = KeychainWrapper;
		};
/* End XCSwiftPackageProductDependency section */

/* Begin XCVersionGroup section */
		5EEA909D2A96701500FEA5E4 /* FleetDMViewer.xcdatamodeld */ = {
			isa = XCVersionGroup;
			children = (
				5EEA909E2A96701500FEA5E4 /* DataModel.xcdatamodel */,
			);
			currentVersion = 5EEA909E2A96701500FEA5E4 /* DataModel.xcdatamodel */;
			path = FleetDMViewer.xcdatamodeld;
			sourceTree = "<group>";
			versionGroupType = wrapper.xcdatamodel;
		};
/* End XCVersionGroup section */
	};
	rootObject = 5EDA66B12A2A4955006706CD /* Project object */;
}
