// !$*UTF8*$!
{
	archiveVersion = 1;
	classes = {
	};
	objectVersion = 70;
	objects = {

/* Begin PBXBuildFile section */
		2DDA5D012C4816A700C74078 /* APITokenRefreshView.swift in Sources */ = {isa = PBXBuildFile; fileRef = 2DDA5D002C4816A700C74078 /* APITokenRefreshView.swift */; };
		2DDA5D032C4816EB00C74078 /* DataController.swift in Sources */ = {isa = PBXBuildFile; fileRef = 2DDA5D022C4816EB00C74078 /* DataController.swift */; };
		5E028F452A4C9AC500D90456 /* FileManager-DocumentsDirectory.swift in Sources */ = {isa = PBXBuildFile; fileRef = 5E028F442A4C9AC500D90456 /* FileManager-DocumentsDirectory.swift */; };
		5E028F4E2A4DCEF300D90456 /* HostCommandsView.swift in Sources */ = {isa = PBXBuildFile; fileRef = 5E028F4D2A4DCEF300D90456 /* HostCommandsView.swift */; };
		5E028F512A4DE24400D90456 /* HostCommandRow.swift in Sources */ = {isa = PBXBuildFile; fileRef = 5E028F502A4DE24400D90456 /* HostCommandRow.swift */; };
		5E04FF8A2B20DE490088EADF /* PolicyDetailView.swift in Sources */ = {isa = PBXBuildFile; fileRef = 5E04FF892B20DE490088EADF /* PolicyDetailView.swift */; };
		5E0C87DF2B0C098800806EA8 /* Policy.swift in Sources */ = {isa = PBXBuildFile; fileRef = 5E0C87DE2B0C098800806EA8 /* Policy.swift */; };
		5E3336EB2B0D1402009FFF97 /* ContentViewToolbar.swift in Sources */ = {isa = PBXBuildFile; fileRef = 5E3336EA2B0D1402009FFF97 /* ContentViewToolbar.swift */; };
		5E680A5F2B168E520024C757 /* Sidebar.swift in Sources */ = {isa = PBXBuildFile; fileRef = 5E680A5E2B168E520024C757 /* Sidebar.swift */; };
		5E7DAB0D2A339C7F00DDFAFC /* NoHostView.swift in Sources */ = {isa = PBXBuildFile; fileRef = 5E7DAB0C2A339C7F00DDFAFC /* NoHostView.swift */; };
		5E815E562B1944CD00E0E44A /* UserDetailView.swift in Sources */ = {isa = PBXBuildFile; fileRef = 5E815E552B1944CD00E0E44A /* UserDetailView.swift */; };
		5E815E932B1A2DF300E0E44A /* CachedTeam+CoreDataClass.swift in Sources */ = {isa = PBXBuildFile; fileRef = 5E815E7F2B1A2DF200E0E44A /* CachedTeam+CoreDataClass.swift */; };
		5E815E942B1A2DF300E0E44A /* CachedTeam+CoreDataProperties.swift in Sources */ = {isa = PBXBuildFile; fileRef = 5E815E802B1A2DF200E0E44A /* CachedTeam+CoreDataProperties.swift */; };
		5E815E952B1A2DF300E0E44A /* CachedVulnerability+CoreDataClass.swift in Sources */ = {isa = PBXBuildFile; fileRef = 5E815E812B1A2DF200E0E44A /* CachedVulnerability+CoreDataClass.swift */; };
		5E815E962B1A2DF300E0E44A /* CachedVulnerability+CoreDataProperties.swift in Sources */ = {isa = PBXBuildFile; fileRef = 5E815E822B1A2DF200E0E44A /* CachedVulnerability+CoreDataProperties.swift */; };
		5E815E992B1A2DF300E0E44A /* CachedUser+CoreDataClass.swift in Sources */ = {isa = PBXBuildFile; fileRef = 5E815E852B1A2DF200E0E44A /* CachedUser+CoreDataClass.swift */; };
		5E815E9A2B1A2DF300E0E44A /* CachedUser+CoreDataProperties.swift in Sources */ = {isa = PBXBuildFile; fileRef = 5E815E862B1A2DF200E0E44A /* CachedUser+CoreDataProperties.swift */; };
		5E815E9B2B1A2DF300E0E44A /* CachedHost+CoreDataClass.swift in Sources */ = {isa = PBXBuildFile; fileRef = 5E815E872B1A2DF200E0E44A /* CachedHost+CoreDataClass.swift */; };
		5E815E9C2B1A2DF300E0E44A /* CachedHost+CoreDataProperties.swift in Sources */ = {isa = PBXBuildFile; fileRef = 5E815E882B1A2DF200E0E44A /* CachedHost+CoreDataProperties.swift */; };
		5E815E9D2B1A2DF300E0E44A /* CachedSoftware+CoreDataClass.swift in Sources */ = {isa = PBXBuildFile; fileRef = 5E815E892B1A2DF200E0E44A /* CachedSoftware+CoreDataClass.swift */; };
		5E815E9E2B1A2DF300E0E44A /* CachedSoftware+CoreDataProperties.swift in Sources */ = {isa = PBXBuildFile; fileRef = 5E815E8A2B1A2DF200E0E44A /* CachedSoftware+CoreDataProperties.swift */; };
		5E815E9F2B1A2DF300E0E44A /* CachedBattery+CoreDataClass.swift in Sources */ = {isa = PBXBuildFile; fileRef = 5E815E8B2B1A2DF300E0E44A /* CachedBattery+CoreDataClass.swift */; };
		5E815EA02B1A2DF300E0E44A /* CachedBattery+CoreDataProperties.swift in Sources */ = {isa = PBXBuildFile; fileRef = 5E815E8C2B1A2DF300E0E44A /* CachedBattery+CoreDataProperties.swift */; };
		5E815EA12B1A2DF300E0E44A /* CachedCommandResponse+CoreDataClass.swift in Sources */ = {isa = PBXBuildFile; fileRef = 5E815E8D2B1A2DF300E0E44A /* CachedCommandResponse+CoreDataClass.swift */; };
		5E815EA22B1A2DF300E0E44A /* CachedCommandResponse+CoreDataProperties.swift in Sources */ = {isa = PBXBuildFile; fileRef = 5E815E8E2B1A2DF300E0E44A /* CachedCommandResponse+CoreDataProperties.swift */; };
		5E815EA32B1A2DF300E0E44A /* CachedPolicy+CoreDataClass.swift in Sources */ = {isa = PBXBuildFile; fileRef = 5E815E8F2B1A2DF300E0E44A /* CachedPolicy+CoreDataClass.swift */; };
		5E815EA42B1A2DF300E0E44A /* CachedPolicy+CoreDataProperties.swift in Sources */ = {isa = PBXBuildFile; fileRef = 5E815E902B1A2DF300E0E44A /* CachedPolicy+CoreDataProperties.swift */; };
		5E815EA52B1A2DF300E0E44A /* CachedProfile+CoreDataClass.swift in Sources */ = {isa = PBXBuildFile; fileRef = 5E815E912B1A2DF300E0E44A /* CachedProfile+CoreDataClass.swift */; };
		5E815EA62B1A2DF300E0E44A /* CachedProfile+CoreDataProperties.swift in Sources */ = {isa = PBXBuildFile; fileRef = 5E815E922B1A2DF300E0E44A /* CachedProfile+CoreDataProperties.swift */; };
		5E815EA92B1A606300E0E44A /* AllSoftwareView.swift in Sources */ = {isa = PBXBuildFile; fileRef = 5E815EA82B1A606300E0E44A /* AllSoftwareView.swift */; };
		5E8311322B1FBCB40029480B /* AllPoliciesView.swift in Sources */ = {isa = PBXBuildFile; fileRef = 5E8311312B1FBCB40029480B /* AllPoliciesView.swift */; };
		5E8311342B1FD4130029480B /* AllPoliciesTableView.swift in Sources */ = {isa = PBXBuildFile; fileRef = 5E8311332B1FD4130029480B /* AllPoliciesTableView.swift */; };
		5E8311382B1FD7800029480B /* AllPoliciesRow.swift in Sources */ = {isa = PBXBuildFile; fileRef = 5E8311372B1FD7800029480B /* AllPoliciesRow.swift */; };
		5E9038D52A4384F50077F3DC /* HostSoftwareView.swift in Sources */ = {isa = PBXBuildFile; fileRef = 5E9038D42A4384F50077F3DC /* HostSoftwareView.swift */; };
		5E9038D72A4387670077F3DC /* HostSoftwareRow.swift in Sources */ = {isa = PBXBuildFile; fileRef = 5E9038D62A4387670077F3DC /* HostSoftwareRow.swift */; };
		5E9038D92A43944B0077F3DC /* HostSoftwareDetailView.swift in Sources */ = {isa = PBXBuildFile; fileRef = 5E9038D82A43944B0077F3DC /* HostSoftwareDetailView.swift */; };
		5E9038DB2A43A0F60077F3DC /* HostProfilesRow.swift in Sources */ = {isa = PBXBuildFile; fileRef = 5E9038DA2A43A0F60077F3DC /* HostProfilesRow.swift */; };
		5E9038DD2A43A3AE0077F3DC /* HostProfilesView.swift in Sources */ = {isa = PBXBuildFile; fileRef = 5E9038DC2A43A3AE0077F3DC /* HostProfilesView.swift */; };
		5E9038DF2A44AF6F0077F3DC /* MDMCommands.swift in Sources */ = {isa = PBXBuildFile; fileRef = 5E9038DE2A44AF6F0077F3DC /* MDMCommands.swift */; };
		5E9039322A45FC250077F3DC /* HostDetailsView.swift in Sources */ = {isa = PBXBuildFile; fileRef = 5E9039312A45FC250077F3DC /* HostDetailsView.swift */; };
		5E94DCC42B11358300C09185 /* AuthManager.swift in Sources */ = {isa = PBXBuildFile; fileRef = 5E94DCC32B11358300C09185 /* AuthManager.swift */; };
		5E9B94E22A3231F900A7A0CE /* LoginRequestBody.swift in Sources */ = {isa = PBXBuildFile; fileRef = 5E9B94E12A3231F900A7A0CE /* LoginRequestBody.swift */; };
		5E9B94E42A32320D00A7A0CE /* Host.swift in Sources */ = {isa = PBXBuildFile; fileRef = 5E9B94E32A32320D00A7A0CE /* Host.swift */; };
		5E9B94E62A32321D00A7A0CE /* Team.swift in Sources */ = {isa = PBXBuildFile; fileRef = 5E9B94E52A32321D00A7A0CE /* Team.swift */; };
		5E9B94E82A32323300A7A0CE /* Endpoint.swift in Sources */ = {isa = PBXBuildFile; fileRef = 5E9B94E72A32323300A7A0CE /* Endpoint.swift */; };
		5EAD61032C9FA93B007BFEBF /* Extension-ParseStrategy.swift in Sources */ = {isa = PBXBuildFile; fileRef = 5EAD61022C9FA93B007BFEBF /* Extension-ParseStrategy.swift */; };
		5EAD61052C9FA9A2007BFEBF /* Extension-JSONDecoder.swift in Sources */ = {isa = PBXBuildFile; fileRef = 5EAD61042C9FA9A2007BFEBF /* Extension-JSONDecoder.swift */; };
		5EB42FBF2C3D880000C7EEB8 /* KeychainWrapper in Frameworks */ = {isa = PBXBuildFile; productRef = 5EB42FBE2C3D880000C7EEB8 /* KeychainWrapper */; };
		5EBAAD9C2B22310400EC54BA /* SoftwareDetailView.swift in Sources */ = {isa = PBXBuildFile; fileRef = 5EBAAD9B2B22310400EC54BA /* SoftwareDetailView.swift */; };
		5EC273A52CA078160074249C /* HostStorageDetailsView.swift in Sources */ = {isa = PBXBuildFile; fileRef = 5EC273A42CA078160074249C /* HostStorageDetailsView.swift */; };
		5EC273A72CA07A200074249C /* HostMDMDetailsView.swift in Sources */ = {isa = PBXBuildFile; fileRef = 5EC273A62CA07A200074249C /* HostMDMDetailsView.swift */; };
		5EC273A92CA07EFF0074249C /* HostHardwareDetailsView.swift in Sources */ = {isa = PBXBuildFile; fileRef = 5EC273A82CA07EFF0074249C /* HostHardwareDetailsView.swift */; };
		5ECF5D472AF405E200108411 /* SignedOutView.swift in Sources */ = {isa = PBXBuildFile; fileRef = 5ECF5D462AF405E200108411 /* SignedOutView.swift */; };
		5ED2F5CA2B224DA6005CDD23 /* HostsForSoftwareList.swift in Sources */ = {isa = PBXBuildFile; fileRef = 5ED2F5C92B224DA6005CDD23 /* HostsForSoftwareList.swift */; };
		5ED5596B2B1A65F600AC581E /* AllSoftwareTableView.swift in Sources */ = {isa = PBXBuildFile; fileRef = 5ED5596A2B1A65F600AC581E /* AllSoftwareTableView.swift */; };
		5ED5596D2B1A668700AC581E /* AllSoftwareRow.swift in Sources */ = {isa = PBXBuildFile; fileRef = 5ED5596C2B1A668700AC581E /* AllSoftwareRow.swift */; };
		5EDA66BD2A2A4955006706CD /* FleetDMViewerApp.swift in Sources */ = {isa = PBXBuildFile; fileRef = 5EDA66BC2A2A4955006706CD /* FleetDMViewerApp.swift */; };
		5EDA66C12A2A4955006706CD /* Assets.xcassets in Resources */ = {isa = PBXBuildFile; fileRef = 5EDA66C02A2A4955006706CD /* Assets.xcassets */; };
		5EDA66C52A2A4955006706CD /* Preview Assets.xcassets in Resources */ = {isa = PBXBuildFile; fileRef = 5EDA66C42A2A4955006706CD /* Preview Assets.xcassets */; };
		5EDA66D82A2A4979006706CD /* LoginView.swift in Sources */ = {isa = PBXBuildFile; fileRef = 5EDA66CE2A2A4979006706CD /* LoginView.swift */; };
		5EDA66DA2A2A4979006706CD /* NetworkManager.swift in Sources */ = {isa = PBXBuildFile; fileRef = 5EDA66D02A2A4979006706CD /* NetworkManager.swift */; };
		5EDC18042A3A506200691C2E /* User.swift in Sources */ = {isa = PBXBuildFile; fileRef = 5EDC18032A3A506200691C2E /* User.swift */; };
		5EDC18082A3B8FDF00691C2E /* HostRow.swift in Sources */ = {isa = PBXBuildFile; fileRef = 5EDC18072A3B8FDF00691C2E /* HostRow.swift */; };
		5EDC180A2A3B961400691C2E /* ContentView.swift in Sources */ = {isa = PBXBuildFile; fileRef = 5EDC18092A3B961400691C2E /* ContentView.swift */; };
		5EDC180E2A409DB100691C2E /* HostPoliciesView.swift in Sources */ = {isa = PBXBuildFile; fileRef = 5EDC180D2A409DB100691C2E /* HostPoliciesView.swift */; };
		5EDE46AF2B179B2400BA99A4 /* HostsListView.swift in Sources */ = {isa = PBXBuildFile; fileRef = 5EDE46AE2B179B2400BA99A4 /* HostsListView.swift */; };
		5EDE46B12B179CC100BA99A4 /* DetailColumn.swift in Sources */ = {isa = PBXBuildFile; fileRef = 5EDE46B02B179CC100BA99A4 /* DetailColumn.swift */; };
		5EDE46B32B17A62500BA99A4 /* HostsView.swift in Sources */ = {isa = PBXBuildFile; fileRef = 5EDE46B22B17A62500BA99A4 /* HostsView.swift */; };
		5EDE46B52B17A80E00BA99A4 /* HostsTable.swift in Sources */ = {isa = PBXBuildFile; fileRef = 5EDE46B42B17A80E00BA99A4 /* HostsTable.swift */; };
		5EDE46B72B17AC6800BA99A4 /* NewHostRow.swift in Sources */ = {isa = PBXBuildFile; fileRef = 5EDE46B62B17AC6800BA99A4 /* NewHostRow.swift */; };
		5EDE46BA2B17E44C00BA99A4 /* UsersView.swift in Sources */ = {isa = PBXBuildFile; fileRef = 5EDE46B92B17E44C00BA99A4 /* UsersView.swift */; };
		5EDE46BC2B17E70700BA99A4 /* UsersListView.swift in Sources */ = {isa = PBXBuildFile; fileRef = 5EDE46BB2B17E70700BA99A4 /* UsersListView.swift */; };
		5EDE46C22B1915A900BA99A4 /* UsersTableView.swift in Sources */ = {isa = PBXBuildFile; fileRef = 5EDE46C12B1915A900BA99A4 /* UsersTableView.swift */; };
		5EDE46C42B19162500BA99A4 /* UserRow.swift in Sources */ = {isa = PBXBuildFile; fileRef = 5EDE46C32B19162500BA99A4 /* UserRow.swift */; };
		5EEA90932A8EA24200FEA5E4 /* MDMCommandMenu.swift in Sources */ = {isa = PBXBuildFile; fileRef = 5EEA90922A8EA24200FEA5E4 /* MDMCommandMenu.swift */; };
		5EEA90982A93E9D800FEA5E4 /* ServerSelectionView.swift in Sources */ = {isa = PBXBuildFile; fileRef = 5EEA90972A93E9D800FEA5E4 /* ServerSelectionView.swift */; };
		5EEA909A2A94FEF700FEA5E4 /* SettingsView.swift in Sources */ = {isa = PBXBuildFile; fileRef = 5EEA90992A94FEF700FEA5E4 /* SettingsView.swift */; };
		5EEA909F2A96701500FEA5E4 /* FleetDMViewer.xcdatamodeld in Sources */ = {isa = PBXBuildFile; fileRef = 5EEA909D2A96701500FEA5E4 /* FleetDMViewer.xcdatamodeld */; };
		5EFC7ADF2A9E8F9A00C2ED06 /* Filter.swift in Sources */ = {isa = PBXBuildFile; fileRef = 5EFC7ADE2A9E8F9A00C2ED06 /* Filter.swift */; };
/* End PBXBuildFile section */

/* Begin PBXFileReference section */
		2DDA5D002C4816A700C74078 /* APITokenRefreshView.swift */ = {isa = PBXFileReference; lastKnownFileType = sourcecode.swift; path = APITokenRefreshView.swift; sourceTree = "<group>"; };
		2DDA5D022C4816EB00C74078 /* DataController.swift */ = {isa = PBXFileReference; fileEncoding = 4; lastKnownFileType = sourcecode.swift; path = DataController.swift; sourceTree = "<group>"; };
		5E028F442A4C9AC500D90456 /* FileManager-DocumentsDirectory.swift */ = {isa = PBXFileReference; fileEncoding = 4; lastKnownFileType = sourcecode.swift; path = "FileManager-DocumentsDirectory.swift"; sourceTree = "<group>"; };
		5E028F4D2A4DCEF300D90456 /* HostCommandsView.swift */ = {isa = PBXFileReference; lastKnownFileType = sourcecode.swift; path = HostCommandsView.swift; sourceTree = "<group>"; };
		5E028F502A4DE24400D90456 /* HostCommandRow.swift */ = {isa = PBXFileReference; lastKnownFileType = sourcecode.swift; path = HostCommandRow.swift; sourceTree = "<group>"; };
		5E04FF892B20DE490088EADF /* PolicyDetailView.swift */ = {isa = PBXFileReference; lastKnownFileType = sourcecode.swift; path = PolicyDetailView.swift; sourceTree = "<group>"; };
		5E0C87DE2B0C098800806EA8 /* Policy.swift */ = {isa = PBXFileReference; lastKnownFileType = sourcecode.swift; path = Policy.swift; sourceTree = "<group>"; };
		5E3336EA2B0D1402009FFF97 /* ContentViewToolbar.swift */ = {isa = PBXFileReference; lastKnownFileType = sourcecode.swift; path = ContentViewToolbar.swift; sourceTree = "<group>"; };
		5E680A5E2B168E520024C757 /* Sidebar.swift */ = {isa = PBXFileReference; lastKnownFileType = sourcecode.swift; path = Sidebar.swift; sourceTree = "<group>"; };
		5E7DAB0C2A339C7F00DDFAFC /* NoHostView.swift */ = {isa = PBXFileReference; lastKnownFileType = sourcecode.swift; path = NoHostView.swift; sourceTree = "<group>"; };
		5E815E552B1944CD00E0E44A /* UserDetailView.swift */ = {isa = PBXFileReference; lastKnownFileType = sourcecode.swift; path = UserDetailView.swift; sourceTree = "<group>"; };
		5E815E7F2B1A2DF200E0E44A /* CachedTeam+CoreDataClass.swift */ = {isa = PBXFileReference; lastKnownFileType = sourcecode.swift; path = "CachedTeam+CoreDataClass.swift"; sourceTree = "<group>"; };
		5E815E802B1A2DF200E0E44A /* CachedTeam+CoreDataProperties.swift */ = {isa = PBXFileReference; lastKnownFileType = sourcecode.swift; path = "CachedTeam+CoreDataProperties.swift"; sourceTree = "<group>"; };
		5E815E812B1A2DF200E0E44A /* CachedVulnerability+CoreDataClass.swift */ = {isa = PBXFileReference; lastKnownFileType = sourcecode.swift; path = "CachedVulnerability+CoreDataClass.swift"; sourceTree = "<group>"; };
		5E815E822B1A2DF200E0E44A /* CachedVulnerability+CoreDataProperties.swift */ = {isa = PBXFileReference; lastKnownFileType = sourcecode.swift; path = "CachedVulnerability+CoreDataProperties.swift"; sourceTree = "<group>"; };
		5E815E852B1A2DF200E0E44A /* CachedUser+CoreDataClass.swift */ = {isa = PBXFileReference; lastKnownFileType = sourcecode.swift; path = "CachedUser+CoreDataClass.swift"; sourceTree = "<group>"; };
		5E815E862B1A2DF200E0E44A /* CachedUser+CoreDataProperties.swift */ = {isa = PBXFileReference; lastKnownFileType = sourcecode.swift; path = "CachedUser+CoreDataProperties.swift"; sourceTree = "<group>"; };
		5E815E872B1A2DF200E0E44A /* CachedHost+CoreDataClass.swift */ = {isa = PBXFileReference; lastKnownFileType = sourcecode.swift; path = "CachedHost+CoreDataClass.swift"; sourceTree = "<group>"; };
		5E815E882B1A2DF200E0E44A /* CachedHost+CoreDataProperties.swift */ = {isa = PBXFileReference; lastKnownFileType = sourcecode.swift; path = "CachedHost+CoreDataProperties.swift"; sourceTree = "<group>"; };
		5E815E892B1A2DF200E0E44A /* CachedSoftware+CoreDataClass.swift */ = {isa = PBXFileReference; lastKnownFileType = sourcecode.swift; path = "CachedSoftware+CoreDataClass.swift"; sourceTree = "<group>"; };
		5E815E8A2B1A2DF200E0E44A /* CachedSoftware+CoreDataProperties.swift */ = {isa = PBXFileReference; lastKnownFileType = sourcecode.swift; path = "CachedSoftware+CoreDataProperties.swift"; sourceTree = "<group>"; };
		5E815E8B2B1A2DF300E0E44A /* CachedBattery+CoreDataClass.swift */ = {isa = PBXFileReference; lastKnownFileType = sourcecode.swift; path = "CachedBattery+CoreDataClass.swift"; sourceTree = "<group>"; };
		5E815E8C2B1A2DF300E0E44A /* CachedBattery+CoreDataProperties.swift */ = {isa = PBXFileReference; lastKnownFileType = sourcecode.swift; path = "CachedBattery+CoreDataProperties.swift"; sourceTree = "<group>"; };
		5E815E8D2B1A2DF300E0E44A /* CachedCommandResponse+CoreDataClass.swift */ = {isa = PBXFileReference; lastKnownFileType = sourcecode.swift; path = "CachedCommandResponse+CoreDataClass.swift"; sourceTree = "<group>"; };
		5E815E8E2B1A2DF300E0E44A /* CachedCommandResponse+CoreDataProperties.swift */ = {isa = PBXFileReference; lastKnownFileType = sourcecode.swift; path = "CachedCommandResponse+CoreDataProperties.swift"; sourceTree = "<group>"; };
		5E815E8F2B1A2DF300E0E44A /* CachedPolicy+CoreDataClass.swift */ = {isa = PBXFileReference; lastKnownFileType = sourcecode.swift; path = "CachedPolicy+CoreDataClass.swift"; sourceTree = "<group>"; };
		5E815E902B1A2DF300E0E44A /* CachedPolicy+CoreDataProperties.swift */ = {isa = PBXFileReference; lastKnownFileType = sourcecode.swift; path = "CachedPolicy+CoreDataProperties.swift"; sourceTree = "<group>"; };
		5E815E912B1A2DF300E0E44A /* CachedProfile+CoreDataClass.swift */ = {isa = PBXFileReference; lastKnownFileType = sourcecode.swift; path = "CachedProfile+CoreDataClass.swift"; sourceTree = "<group>"; };
		5E815E922B1A2DF300E0E44A /* CachedProfile+CoreDataProperties.swift */ = {isa = PBXFileReference; lastKnownFileType = sourcecode.swift; path = "CachedProfile+CoreDataProperties.swift"; sourceTree = "<group>"; };
		5E815EA82B1A606300E0E44A /* AllSoftwareView.swift */ = {isa = PBXFileReference; lastKnownFileType = sourcecode.swift; path = AllSoftwareView.swift; sourceTree = "<group>"; };
		5E8311312B1FBCB40029480B /* AllPoliciesView.swift */ = {isa = PBXFileReference; lastKnownFileType = sourcecode.swift; path = AllPoliciesView.swift; sourceTree = "<group>"; };
		5E8311332B1FD4130029480B /* AllPoliciesTableView.swift */ = {isa = PBXFileReference; lastKnownFileType = sourcecode.swift; path = AllPoliciesTableView.swift; sourceTree = "<group>"; };
		5E8311372B1FD7800029480B /* AllPoliciesRow.swift */ = {isa = PBXFileReference; lastKnownFileType = sourcecode.swift; path = AllPoliciesRow.swift; sourceTree = "<group>"; };
		5E9038D42A4384F50077F3DC /* HostSoftwareView.swift */ = {isa = PBXFileReference; lastKnownFileType = sourcecode.swift; path = HostSoftwareView.swift; sourceTree = "<group>"; };
		5E9038D62A4387670077F3DC /* HostSoftwareRow.swift */ = {isa = PBXFileReference; lastKnownFileType = sourcecode.swift; path = HostSoftwareRow.swift; sourceTree = "<group>"; };
		5E9038D82A43944B0077F3DC /* HostSoftwareDetailView.swift */ = {isa = PBXFileReference; lastKnownFileType = sourcecode.swift; path = HostSoftwareDetailView.swift; sourceTree = "<group>"; };
		5E9038DA2A43A0F60077F3DC /* HostProfilesRow.swift */ = {isa = PBXFileReference; lastKnownFileType = sourcecode.swift; path = HostProfilesRow.swift; sourceTree = "<group>"; };
		5E9038DC2A43A3AE0077F3DC /* HostProfilesView.swift */ = {isa = PBXFileReference; lastKnownFileType = sourcecode.swift; path = HostProfilesView.swift; sourceTree = "<group>"; };
		5E9038DE2A44AF6F0077F3DC /* MDMCommands.swift */ = {isa = PBXFileReference; lastKnownFileType = sourcecode.swift; path = MDMCommands.swift; sourceTree = "<group>"; };
		5E9039312A45FC250077F3DC /* HostDetailsView.swift */ = {isa = PBXFileReference; fileEncoding = 4; lastKnownFileType = sourcecode.swift; path = HostDetailsView.swift; sourceTree = "<group>"; };
		5E94DCC32B11358300C09185 /* AuthManager.swift */ = {isa = PBXFileReference; lastKnownFileType = sourcecode.swift; path = AuthManager.swift; sourceTree = "<group>"; };
		5E9B94E12A3231F900A7A0CE /* LoginRequestBody.swift */ = {isa = PBXFileReference; lastKnownFileType = sourcecode.swift; path = LoginRequestBody.swift; sourceTree = "<group>"; };
		5E9B94E32A32320D00A7A0CE /* Host.swift */ = {isa = PBXFileReference; lastKnownFileType = sourcecode.swift; path = Host.swift; sourceTree = "<group>"; };
		5E9B94E52A32321D00A7A0CE /* Team.swift */ = {isa = PBXFileReference; lastKnownFileType = sourcecode.swift; path = Team.swift; sourceTree = "<group>"; };
		5E9B94E72A32323300A7A0CE /* Endpoint.swift */ = {isa = PBXFileReference; lastKnownFileType = sourcecode.swift; path = Endpoint.swift; sourceTree = "<group>"; };
		5EAD61022C9FA93B007BFEBF /* Extension-ParseStrategy.swift */ = {isa = PBXFileReference; lastKnownFileType = sourcecode.swift; path = "Extension-ParseStrategy.swift"; sourceTree = "<group>"; };
		5EAD61042C9FA9A2007BFEBF /* Extension-JSONDecoder.swift */ = {isa = PBXFileReference; lastKnownFileType = sourcecode.swift; path = "Extension-JSONDecoder.swift"; sourceTree = "<group>"; };
		5EBAAD9B2B22310400EC54BA /* SoftwareDetailView.swift */ = {isa = PBXFileReference; lastKnownFileType = sourcecode.swift; path = SoftwareDetailView.swift; sourceTree = "<group>"; };
		5EC273A42CA078160074249C /* HostStorageDetailsView.swift */ = {isa = PBXFileReference; lastKnownFileType = sourcecode.swift; path = HostStorageDetailsView.swift; sourceTree = "<group>"; };
		5EC273A62CA07A200074249C /* HostMDMDetailsView.swift */ = {isa = PBXFileReference; lastKnownFileType = sourcecode.swift; path = HostMDMDetailsView.swift; sourceTree = "<group>"; };
		5EC273A82CA07EFF0074249C /* HostHardwareDetailsView.swift */ = {isa = PBXFileReference; lastKnownFileType = sourcecode.swift; path = HostHardwareDetailsView.swift; sourceTree = "<group>"; };
		5ECF5D462AF405E200108411 /* SignedOutView.swift */ = {isa = PBXFileReference; lastKnownFileType = sourcecode.swift; name = SignedOutView.swift; path = App/Authentication/SignedOutView.swift; sourceTree = SOURCE_ROOT; };
		5ED2F5C92B224DA6005CDD23 /* HostsForSoftwareList.swift */ = {isa = PBXFileReference; lastKnownFileType = sourcecode.swift; path = HostsForSoftwareList.swift; sourceTree = "<group>"; };
		5ED5596A2B1A65F600AC581E /* AllSoftwareTableView.swift */ = {isa = PBXFileReference; lastKnownFileType = sourcecode.swift; path = AllSoftwareTableView.swift; sourceTree = "<group>"; };
		5ED5596C2B1A668700AC581E /* AllSoftwareRow.swift */ = {isa = PBXFileReference; lastKnownFileType = sourcecode.swift; path = AllSoftwareRow.swift; sourceTree = "<group>"; };
		5EDA66B92A2A4955006706CD /* FleetDMViewer.app */ = {isa = PBXFileReference; explicitFileType = wrapper.application; includeInIndex = 0; path = FleetDMViewer.app; sourceTree = BUILT_PRODUCTS_DIR; };
		5EDA66BC2A2A4955006706CD /* FleetDMViewerApp.swift */ = {isa = PBXFileReference; lastKnownFileType = sourcecode.swift; path = FleetDMViewerApp.swift; sourceTree = "<group>"; };
		5EDA66C02A2A4955006706CD /* Assets.xcassets */ = {isa = PBXFileReference; lastKnownFileType = folder.assetcatalog; path = Assets.xcassets; sourceTree = "<group>"; };
		5EDA66C22A2A4955006706CD /* FleetDMViewer.entitlements */ = {isa = PBXFileReference; lastKnownFileType = text.plist.entitlements; path = FleetDMViewer.entitlements; sourceTree = "<group>"; };
		5EDA66C42A2A4955006706CD /* Preview Assets.xcassets */ = {isa = PBXFileReference; lastKnownFileType = folder.assetcatalog; path = "Preview Assets.xcassets"; sourceTree = "<group>"; };
		5EDA66CE2A2A4979006706CD /* LoginView.swift */ = {isa = PBXFileReference; fileEncoding = 4; lastKnownFileType = sourcecode.swift; path = LoginView.swift; sourceTree = "<group>"; };
		5EDA66D02A2A4979006706CD /* NetworkManager.swift */ = {isa = PBXFileReference; fileEncoding = 4; lastKnownFileType = sourcecode.swift; path = NetworkManager.swift; sourceTree = "<group>"; };
		5EDC18032A3A506200691C2E /* User.swift */ = {isa = PBXFileReference; lastKnownFileType = sourcecode.swift; path = User.swift; sourceTree = "<group>"; };
		5EDC18072A3B8FDF00691C2E /* HostRow.swift */ = {isa = PBXFileReference; lastKnownFileType = sourcecode.swift; path = HostRow.swift; sourceTree = "<group>"; };
		5EDC18092A3B961400691C2E /* ContentView.swift */ = {isa = PBXFileReference; lastKnownFileType = sourcecode.swift; path = ContentView.swift; sourceTree = "<group>"; };
		5EDC180D2A409DB100691C2E /* HostPoliciesView.swift */ = {isa = PBXFileReference; lastKnownFileType = sourcecode.swift; path = HostPoliciesView.swift; sourceTree = "<group>"; };
		5EDE46AE2B179B2400BA99A4 /* HostsListView.swift */ = {isa = PBXFileReference; lastKnownFileType = sourcecode.swift; name = HostsListView.swift; path = App/Hosts/HostsListView.swift; sourceTree = SOURCE_ROOT; };
		5EDE46B02B179CC100BA99A4 /* DetailColumn.swift */ = {isa = PBXFileReference; lastKnownFileType = sourcecode.swift; path = DetailColumn.swift; sourceTree = "<group>"; };
		5EDE46B22B17A62500BA99A4 /* HostsView.swift */ = {isa = PBXFileReference; lastKnownFileType = sourcecode.swift; path = HostsView.swift; sourceTree = "<group>"; };
		5EDE46B42B17A80E00BA99A4 /* HostsTable.swift */ = {isa = PBXFileReference; lastKnownFileType = sourcecode.swift; path = HostsTable.swift; sourceTree = "<group>"; };
		5EDE46B62B17AC6800BA99A4 /* NewHostRow.swift */ = {isa = PBXFileReference; lastKnownFileType = sourcecode.swift; path = NewHostRow.swift; sourceTree = "<group>"; };
		5EDE46B92B17E44C00BA99A4 /* UsersView.swift */ = {isa = PBXFileReference; lastKnownFileType = sourcecode.swift; path = UsersView.swift; sourceTree = "<group>"; };
		5EDE46BB2B17E70700BA99A4 /* UsersListView.swift */ = {isa = PBXFileReference; lastKnownFileType = sourcecode.swift; path = UsersListView.swift; sourceTree = "<group>"; };
		5EDE46C12B1915A900BA99A4 /* UsersTableView.swift */ = {isa = PBXFileReference; lastKnownFileType = sourcecode.swift; path = UsersTableView.swift; sourceTree = "<group>"; };
		5EDE46C32B19162500BA99A4 /* UserRow.swift */ = {isa = PBXFileReference; lastKnownFileType = sourcecode.swift; path = UserRow.swift; sourceTree = "<group>"; };
		5EEA90922A8EA24200FEA5E4 /* MDMCommandMenu.swift */ = {isa = PBXFileReference; lastKnownFileType = sourcecode.swift; path = MDMCommandMenu.swift; sourceTree = "<group>"; };
		5EEA90972A93E9D800FEA5E4 /* ServerSelectionView.swift */ = {isa = PBXFileReference; lastKnownFileType = sourcecode.swift; path = ServerSelectionView.swift; sourceTree = "<group>"; };
		5EEA90992A94FEF700FEA5E4 /* SettingsView.swift */ = {isa = PBXFileReference; lastKnownFileType = sourcecode.swift; path = SettingsView.swift; sourceTree = "<group>"; };
		5EEA909E2A96701500FEA5E4 /* DataModel.xcdatamodel */ = {isa = PBXFileReference; lastKnownFileType = wrapper.xcdatamodel; path = DataModel.xcdatamodel; sourceTree = "<group>"; };
		5EFC7ADE2A9E8F9A00C2ED06 /* Filter.swift */ = {isa = PBXFileReference; lastKnownFileType = sourcecode.swift; path = Filter.swift; sourceTree = "<group>"; };
/* End PBXFileReference section */

/* Begin PBXFileSystemSynchronizedRootGroup section */
		2DB967FD2CA5C88300AFCD62 /* Enums */ = {isa = PBXFileSystemSynchronizedRootGroup; explicitFileTypes = {}; explicitFolders = (); path = Enums; sourceTree = "<group>"; };
/* End PBXFileSystemSynchronizedRootGroup section */

/* Begin PBXFrameworksBuildPhase section */
		5EDA66B62A2A4955006706CD /* Frameworks */ = {
			isa = PBXFrameworksBuildPhase;
			buildActionMask = 2147483647;
			files = (
				5EB42FBF2C3D880000C7EEB8 /* KeychainWrapper in Frameworks */,
			);
			runOnlyForDeploymentPostprocessing = 0;
		};
/* End PBXFrameworksBuildPhase section */

/* Begin PBXGroup section */
		5E028F4B2A4DCE9100D90456 /* HostSoftwareViews */ = {
			isa = PBXGroup;
			children = (
				5E9038D42A4384F50077F3DC /* HostSoftwareView.swift */,
				5E9038D62A4387670077F3DC /* HostSoftwareRow.swift */,
				5E9038D82A43944B0077F3DC /* HostSoftwareDetailView.swift */,
			);
			path = HostSoftwareViews;
			sourceTree = "<group>";
		};
		5E028F4C2A4DCEA700D90456 /* HostPoliciesViews */ = {
			isa = PBXGroup;
			children = (
				5EDC180D2A409DB100691C2E /* HostPoliciesView.swift */,
				5E9038DA2A43A0F60077F3DC /* HostProfilesRow.swift */,
				5E9038DC2A43A3AE0077F3DC /* HostProfilesView.swift */,
			);
			path = HostPoliciesViews;
			sourceTree = "<group>";
		};
		5E028F4F2A4DCF0300D90456 /* HostCommandsView */ = {
			isa = PBXGroup;
			children = (
				5E028F4D2A4DCEF300D90456 /* HostCommandsView.swift */,
				5E028F502A4DE24400D90456 /* HostCommandRow.swift */,
			);
			path = HostCommandsView;
			sourceTree = "<group>";
		};
		5E12A0042B278C4A003D2EDB /* Navigation */ = {
			isa = PBXGroup;
			children = (
				5EDC18092A3B961400691C2E /* ContentView.swift */,
				5E3336EA2B0D1402009FFF97 /* ContentViewToolbar.swift */,
				5EDE46B02B179CC100BA99A4 /* DetailColumn.swift */,
				5E680A5E2B168E520024C757 /* Sidebar.swift */,
			);
			path = Navigation;
			sourceTree = "<group>";
		};
		5E12A0052B278DC6003D2EDB /* App */ = {
			isa = PBXGroup;
			children = (
				5EDA66C02A2A4955006706CD /* Assets.xcassets */,
				5EDA66BC2A2A4955006706CD /* FleetDMViewerApp.swift */,
				5EFAECA32B27B5F20045FB13 /* Authentication */,
				5EEA90962A93C37D00FEA5E4 /* Controllers */,
				5EFAECA42B27B7B00045FB13 /* Extensions */,
				5EFAECA22B27A0CF0045FB13 /* Hosts */,
				5E9B94E02A3231E600A7A0CE /* Models */,
				5E12A0042B278C4A003D2EDB /* Navigation */,
				5E8311302B1FBCAA0029480B /* Policies */,
				5E815EA72B1A605400E0E44A /* Software */,
				5EDE46B82B17E43500BA99A4 /* Users */,
				5EDA66C22A2A4955006706CD /* FleetDMViewer.entitlements */,
				5EDA66C32A2A4955006706CD /* Preview Content */,
			);
			path = App;
			sourceTree = "<group>";
		};
		5E815EA72B1A605400E0E44A /* Software */ = {
			isa = PBXGroup;
			children = (
				5E815EA82B1A606300E0E44A /* AllSoftwareView.swift */,
				5ED5596A2B1A65F600AC581E /* AllSoftwareTableView.swift */,
				5ED5596C2B1A668700AC581E /* AllSoftwareRow.swift */,
				5EBAAD9B2B22310400EC54BA /* SoftwareDetailView.swift */,
				5ED2F5C92B224DA6005CDD23 /* HostsForSoftwareList.swift */,
			);
			path = Software;
			sourceTree = "<group>";
		};
		5E8311302B1FBCAA0029480B /* Policies */ = {
			isa = PBXGroup;
			children = (
				5E8311312B1FBCB40029480B /* AllPoliciesView.swift */,
				5E8311332B1FD4130029480B /* AllPoliciesTableView.swift */,
				5E8311372B1FD7800029480B /* AllPoliciesRow.swift */,
				5E04FF892B20DE490088EADF /* PolicyDetailView.swift */,
			);
			path = Policies;
			sourceTree = "<group>";
		};
		5E9B94E02A3231E600A7A0CE /* Models */ = {
			isa = PBXGroup;
			children = (
				2DB967FD2CA5C88300AFCD62 /* Enums */,
				5EEA90F22A97DA3500FEA5E4 /* Core Data */,
				5E9B94E72A32323300A7A0CE /* Endpoint.swift */,
				5E9B94E32A32320D00A7A0CE /* Host.swift */,
				5E9B94E12A3231F900A7A0CE /* LoginRequestBody.swift */,
				5E9038DE2A44AF6F0077F3DC /* MDMCommands.swift */,
				5E9B94E52A32321D00A7A0CE /* Team.swift */,
				5EDC18032A3A506200691C2E /* User.swift */,
				5EFC7ADE2A9E8F9A00C2ED06 /* Filter.swift */,
				5E0C87DE2B0C098800806EA8 /* Policy.swift */,
			);
			path = Models;
			sourceTree = "<group>";
		};
		5EDA66B02A2A4955006706CD = {
			isa = PBXGroup;
			children = (
				5E12A0052B278DC6003D2EDB /* App */,
				5EDA66BA2A2A4955006706CD /* Products */,
			);
			sourceTree = "<group>";
		};
		5EDA66BA2A2A4955006706CD /* Products */ = {
			isa = PBXGroup;
			children = (
				5EDA66B92A2A4955006706CD /* FleetDMViewer.app */,
			);
			name = Products;
			sourceTree = "<group>";
		};
		5EDA66C32A2A4955006706CD /* Preview Content */ = {
			isa = PBXGroup;
			children = (
				5EDA66C42A2A4955006706CD /* Preview Assets.xcassets */,
			);
			name = "Preview Content";
			path = "/Users/daleribeiro/Developer/fleet-dm-viewer/App/Preview Content";
			sourceTree = "<absolute>";
		};
		5EDE46B82B17E43500BA99A4 /* Users */ = {
			isa = PBXGroup;
			children = (
				5EDE46BB2B17E70700BA99A4 /* UsersListView.swift */,
				5EDE46C32B19162500BA99A4 /* UserRow.swift */,
				5EDE46B92B17E44C00BA99A4 /* UsersView.swift */,
				5E815E552B1944CD00E0E44A /* UserDetailView.swift */,
				5EDE46C12B1915A900BA99A4 /* UsersTableView.swift */,
			);
			path = Users;
			sourceTree = "<group>";
		};
		5EEA90962A93C37D00FEA5E4 /* Controllers */ = {
			isa = PBXGroup;
			children = (
				2DDA5D002C4816A700C74078 /* APITokenRefreshView.swift */,
				5E94DCC32B11358300C09185 /* AuthManager.swift */,
				2DDA5D022C4816EB00C74078 /* DataController.swift */,
				5EDA66D02A2A4979006706CD /* NetworkManager.swift */,
			);
			path = Controllers;
			sourceTree = "<group>";
		};
		5EEA90F22A97DA3500FEA5E4 /* Core Data */ = {
			isa = PBXGroup;
			children = (
				5EEA909D2A96701500FEA5E4 /* FleetDMViewer.xcdatamodeld */,
				5E815E7F2B1A2DF200E0E44A /* CachedTeam+CoreDataClass.swift */,
				5E815E802B1A2DF200E0E44A /* CachedTeam+CoreDataProperties.swift */,
				5E815E812B1A2DF200E0E44A /* CachedVulnerability+CoreDataClass.swift */,
				5E815E822B1A2DF200E0E44A /* CachedVulnerability+CoreDataProperties.swift */,
				5E815E852B1A2DF200E0E44A /* CachedUser+CoreDataClass.swift */,
				5E815E862B1A2DF200E0E44A /* CachedUser+CoreDataProperties.swift */,
				5E815E872B1A2DF200E0E44A /* CachedHost+CoreDataClass.swift */,
				5E815E882B1A2DF200E0E44A /* CachedHost+CoreDataProperties.swift */,
				5E815E892B1A2DF200E0E44A /* CachedSoftware+CoreDataClass.swift */,
				5E815E8A2B1A2DF200E0E44A /* CachedSoftware+CoreDataProperties.swift */,
				5E815E8B2B1A2DF300E0E44A /* CachedBattery+CoreDataClass.swift */,
				5E815E8C2B1A2DF300E0E44A /* CachedBattery+CoreDataProperties.swift */,
				5E815E8D2B1A2DF300E0E44A /* CachedCommandResponse+CoreDataClass.swift */,
				5E815E8E2B1A2DF300E0E44A /* CachedCommandResponse+CoreDataProperties.swift */,
				5E815E8F2B1A2DF300E0E44A /* CachedPolicy+CoreDataClass.swift */,
				5E815E902B1A2DF300E0E44A /* CachedPolicy+CoreDataProperties.swift */,
				5E815E912B1A2DF300E0E44A /* CachedProfile+CoreDataClass.swift */,
				5E815E922B1A2DF300E0E44A /* CachedProfile+CoreDataProperties.swift */,
			);
			path = "Core Data";
			sourceTree = "<group>";
		};
		5EFAECA22B27A0CF0045FB13 /* Hosts */ = {
			isa = PBXGroup;
			children = (
				5E028F4F2A4DCF0300D90456 /* HostCommandsView */,
				5E028F4C2A4DCEA700D90456 /* HostPoliciesViews */,
				5E028F4B2A4DCE9100D90456 /* HostSoftwareViews */,
				5EEA90922A8EA24200FEA5E4 /* MDMCommandMenu.swift */,
				5E7DAB0C2A339C7F00DDFAFC /* NoHostView.swift */,
				5EDC18072A3B8FDF00691C2E /* HostRow.swift */,
				5EDE46B62B17AC6800BA99A4 /* NewHostRow.swift */,
				5EDE46AE2B179B2400BA99A4 /* HostsListView.swift */,
				5E9039312A45FC250077F3DC /* HostDetailsView.swift */,
				5EC273A62CA07A200074249C /* HostMDMDetailsView.swift */,
				5EC273A82CA07EFF0074249C /* HostHardwareDetailsView.swift */,
				5EDE46B42B17A80E00BA99A4 /* HostsTable.swift */,
				5EDE46B22B17A62500BA99A4 /* HostsView.swift */,
				5EC273A42CA078160074249C /* HostStorageDetailsView.swift */,
			);
			path = Hosts;
			sourceTree = "<group>";
		};
		5EFAECA32B27B5F20045FB13 /* Authentication */ = {
			isa = PBXGroup;
			children = (
				5EEA90972A93E9D800FEA5E4 /* ServerSelectionView.swift */,
				5EEA90992A94FEF700FEA5E4 /* SettingsView.swift */,
				5ECF5D462AF405E200108411 /* SignedOutView.swift */,
				5EDA66CE2A2A4979006706CD /* LoginView.swift */,
			);
			path = Authentication;
			sourceTree = "<group>";
		};
		5EFAECA42B27B7B00045FB13 /* Extensions */ = {
			isa = PBXGroup;
			children = (
				5E028F442A4C9AC500D90456 /* FileManager-DocumentsDirectory.swift */,
				5EAD61022C9FA93B007BFEBF /* Extension-ParseStrategy.swift */,
				5EAD61042C9FA9A2007BFEBF /* Extension-JSONDecoder.swift */,
			);
			path = Extensions;
			sourceTree = "<group>";
		};
/* End PBXGroup section */

/* Begin PBXNativeTarget section */
		5EDA66B82A2A4955006706CD /* FleetDMViewer */ = {
			isa = PBXNativeTarget;
			buildConfigurationList = 5EDA66C82A2A4955006706CD /* Build configuration list for PBXNativeTarget "FleetDMViewer" */;
			buildPhases = (
				5EDA66B52A2A4955006706CD /* Sources */,
				5EDA66B62A2A4955006706CD /* Frameworks */,
				5EDA66B72A2A4955006706CD /* Resources */,
				5E3E199D2AD890BB007E3BD7 /* ShellScript */,
			);
			buildRules = (
			);
			dependencies = (
			);
			fileSystemSynchronizedGroups = (
				2DB967FD2CA5C88300AFCD62 /* Enums */,
			);
			name = FleetDMViewer;
			packageProductDependencies = (
				5EB42FBE2C3D880000C7EEB8 /* KeychainWrapper */,
			);
			productName = FleetDMViewer;
			productReference = 5EDA66B92A2A4955006706CD /* FleetDMViewer.app */;
			productType = "com.apple.product-type.application";
		};
/* End PBXNativeTarget section */

/* Begin PBXProject section */
		5EDA66B12A2A4955006706CD /* Project object */ = {
			isa = PBXProject;
			attributes = {
				BuildIndependentTargetsInParallel = 1;
				LastSwiftUpdateCheck = 1430;
				LastUpgradeCheck = 1540;
				TargetAttributes = {
					5EDA66B82A2A4955006706CD = {
						CreatedOnToolsVersion = 14.3.1;
					};
				};
			};
			buildConfigurationList = 5EDA66B42A2A4955006706CD /* Build configuration list for PBXProject "FleetDMViewer" */;
			compatibilityVersion = "Xcode 14.0";
			developmentRegion = en;
			hasScannedForEncodings = 0;
			knownRegions = (
				en,
				Base,
			);
			mainGroup = 5EDA66B02A2A4955006706CD;
			packageReferences = (
				5EDA66DF2A2A4996006706CD /* XCRemoteSwiftPackageReference "KeychainWrapper" */,
			);
			productRefGroup = 5EDA66BA2A2A4955006706CD /* Products */;
			projectDirPath = "";
			projectRoot = "";
			targets = (
				5EDA66B82A2A4955006706CD /* FleetDMViewer */,
			);
		};
/* End PBXProject section */

/* Begin PBXResourcesBuildPhase section */
		5EDA66B72A2A4955006706CD /* Resources */ = {
			isa = PBXResourcesBuildPhase;
			buildActionMask = 2147483647;
			files = (
				5EDA66C52A2A4955006706CD /* Preview Assets.xcassets in Resources */,
				5EDA66C12A2A4955006706CD /* Assets.xcassets in Resources */,
			);
			runOnlyForDeploymentPostprocessing = 0;
		};
/* End PBXResourcesBuildPhase section */

/* Begin PBXShellScriptBuildPhase section */
		5E3E199D2AD890BB007E3BD7 /* ShellScript */ = {
			isa = PBXShellScriptBuildPhase;
			alwaysOutOfDate = 1;
			buildActionMask = 2147483647;
			files = (
			);
			inputFileListPaths = (
			);
			inputPaths = (
			);
			outputFileListPaths = (
			);
			outputPaths = (
			);
			runOnlyForDeploymentPostprocessing = 0;
			shellPath = /bin/sh;
			shellScript = "if [[ \"$(uname -m)\" == arm64 ]]; then\n    export PATH=\"/opt/homebrew/bin:$PATH\"\nfi\n\nif which swiftlint > /dev/null; then\n    swiftlint --fix && swiftlint\nelse\n  echo \"warning: SwiftLint not installed, download from https://github.com/realm/SwiftLint\"\nfi\n";
		};
/* End PBXShellScriptBuildPhase section */

/* Begin PBXSourcesBuildPhase section */
		5EDA66B52A2A4955006706CD /* Sources */ = {
			isa = PBXSourcesBuildPhase;
			buildActionMask = 2147483647;
			files = (
				5E9B94E42A32320D00A7A0CE /* Host.swift in Sources */,
				5EDA66BD2A2A4955006706CD /* FleetDMViewerApp.swift in Sources */,
				5EEA90982A93E9D800FEA5E4 /* ServerSelectionView.swift in Sources */,
				5EAD61052C9FA9A2007BFEBF /* Extension-JSONDecoder.swift in Sources */,
				5E9038D92A43944B0077F3DC /* HostSoftwareDetailView.swift in Sources */,
				5E9038DF2A44AF6F0077F3DC /* MDMCommands.swift in Sources */,
				5E680A5F2B168E520024C757 /* Sidebar.swift in Sources */,
				5EDE46C22B1915A900BA99A4 /* UsersTableView.swift in Sources */,
				5EDE46AF2B179B2400BA99A4 /* HostsListView.swift in Sources */,
				5EDE46C42B19162500BA99A4 /* UserRow.swift in Sources */,
				5E028F4E2A4DCEF300D90456 /* HostCommandsView.swift in Sources */,
				5E815E992B1A2DF300E0E44A /* CachedUser+CoreDataClass.swift in Sources */,
				5E815EA22B1A2DF300E0E44A /* CachedCommandResponse+CoreDataProperties.swift in Sources */,
				5EC273A52CA078160074249C /* HostStorageDetailsView.swift in Sources */,
				5EDA66DA2A2A4979006706CD /* NetworkManager.swift in Sources */,
				5E815E952B1A2DF300E0E44A /* CachedVulnerability+CoreDataClass.swift in Sources */,
				5EDE46BC2B17E70700BA99A4 /* UsersListView.swift in Sources */,
				5E815E932B1A2DF300E0E44A /* CachedTeam+CoreDataClass.swift in Sources */,
				5EDE46BA2B17E44C00BA99A4 /* UsersView.swift in Sources */,
				5EEA909A2A94FEF700FEA5E4 /* SettingsView.swift in Sources */,
				5E9038D72A4387670077F3DC /* HostSoftwareRow.swift in Sources */,
				5E815EA62B1A2DF300E0E44A /* CachedProfile+CoreDataProperties.swift in Sources */,
				5EDE46B32B17A62500BA99A4 /* HostsView.swift in Sources */,
				2DDA5D032C4816EB00C74078 /* DataController.swift in Sources */,
				5E9039322A45FC250077F3DC /* HostDetailsView.swift in Sources */,
				5E815E9E2B1A2DF300E0E44A /* CachedSoftware+CoreDataProperties.swift in Sources */,
				5EDA66D82A2A4979006706CD /* LoginView.swift in Sources */,
				5E815EA92B1A606300E0E44A /* AllSoftwareView.swift in Sources */,
				2DDA5D012C4816A700C74078 /* APITokenRefreshView.swift in Sources */,
				5E9B94E62A32321D00A7A0CE /* Team.swift in Sources */,
				5E7DAB0D2A339C7F00DDFAFC /* NoHostView.swift in Sources */,
				5ED5596B2B1A65F600AC581E /* AllSoftwareTableView.swift in Sources */,
				5E9B94E22A3231F900A7A0CE /* LoginRequestBody.swift in Sources */,
				5E8311342B1FD4130029480B /* AllPoliciesTableView.swift in Sources */,
				5E028F452A4C9AC500D90456 /* FileManager-DocumentsDirectory.swift in Sources */,
				5ECF5D472AF405E200108411 /* SignedOutView.swift in Sources */,
				5EDE46B52B17A80E00BA99A4 /* HostsTable.swift in Sources */,
				5EBAAD9C2B22310400EC54BA /* SoftwareDetailView.swift in Sources */,
				5E815E9C2B1A2DF300E0E44A /* CachedHost+CoreDataProperties.swift in Sources */,
				5E9B94E82A32323300A7A0CE /* Endpoint.swift in Sources */,
				5E815EA32B1A2DF300E0E44A /* CachedPolicy+CoreDataClass.swift in Sources */,
				5E815E9B2B1A2DF300E0E44A /* CachedHost+CoreDataClass.swift in Sources */,
				5E815E562B1944CD00E0E44A /* UserDetailView.swift in Sources */,
				5E815E9F2B1A2DF300E0E44A /* CachedBattery+CoreDataClass.swift in Sources */,
				5EDC180A2A3B961400691C2E /* ContentView.swift in Sources */,
				5EDC180E2A409DB100691C2E /* HostPoliciesView.swift in Sources */,
				5EC273A72CA07A200074249C /* HostMDMDetailsView.swift in Sources */,
				5ED2F5CA2B224DA6005CDD23 /* HostsForSoftwareList.swift in Sources */,
				5E04FF8A2B20DE490088EADF /* PolicyDetailView.swift in Sources */,
				5EC273A92CA07EFF0074249C /* HostHardwareDetailsView.swift in Sources */,
				5E3336EB2B0D1402009FFF97 /* ContentViewToolbar.swift in Sources */,
				5EEA90932A8EA24200FEA5E4 /* MDMCommandMenu.swift in Sources */,
				5EDE46B72B17AC6800BA99A4 /* NewHostRow.swift in Sources */,
				5E815EA52B1A2DF300E0E44A /* CachedProfile+CoreDataClass.swift in Sources */,
				5E815EA02B1A2DF300E0E44A /* CachedBattery+CoreDataProperties.swift in Sources */,
				5E815EA12B1A2DF300E0E44A /* CachedCommandResponse+CoreDataClass.swift in Sources */,
				5E815E942B1A2DF300E0E44A /* CachedTeam+CoreDataProperties.swift in Sources */,
				5E028F512A4DE24400D90456 /* HostCommandRow.swift in Sources */,
				5EEA909F2A96701500FEA5E4 /* FleetDMViewer.xcdatamodeld in Sources */,
				5E8311382B1FD7800029480B /* AllPoliciesRow.swift in Sources */,
				5EAD61032C9FA93B007BFEBF /* Extension-ParseStrategy.swift in Sources */,
				5E815E962B1A2DF300E0E44A /* CachedVulnerability+CoreDataProperties.swift in Sources */,
				5E9038DB2A43A0F60077F3DC /* HostProfilesRow.swift in Sources */,
				5E94DCC42B11358300C09185 /* AuthManager.swift in Sources */,
				5ED5596D2B1A668700AC581E /* AllSoftwareRow.swift in Sources */,
				5EDC18042A3A506200691C2E /* User.swift in Sources */,
				5E815EA42B1A2DF300E0E44A /* CachedPolicy+CoreDataProperties.swift in Sources */,
				5EDC18082A3B8FDF00691C2E /* HostRow.swift in Sources */,
				5E815E9D2B1A2DF300E0E44A /* CachedSoftware+CoreDataClass.swift in Sources */,
				5E9038DD2A43A3AE0077F3DC /* HostProfilesView.swift in Sources */,
				5EDE46B12B179CC100BA99A4 /* DetailColumn.swift in Sources */,
				5E815E9A2B1A2DF300E0E44A /* CachedUser+CoreDataProperties.swift in Sources */,
				5EFC7ADF2A9E8F9A00C2ED06 /* Filter.swift in Sources */,
				5E8311322B1FBCB40029480B /* AllPoliciesView.swift in Sources */,
				5E9038D52A4384F50077F3DC /* HostSoftwareView.swift in Sources */,
				5E0C87DF2B0C098800806EA8 /* Policy.swift in Sources */,
			);
			runOnlyForDeploymentPostprocessing = 0;
		};
/* End PBXSourcesBuildPhase section */

/* Begin XCBuildConfiguration section */
		5EDA66C62A2A4955006706CD /* Debug */ = {
			isa = XCBuildConfiguration;
			buildSettings = {
				ALWAYS_SEARCH_USER_PATHS = NO;
				ASSETCATALOG_COMPILER_GENERATE_SWIFT_ASSET_SYMBOL_EXTENSIONS = YES;
				CLANG_ANALYZER_NONNULL = YES;
				CLANG_ANALYZER_NUMBER_OBJECT_CONVERSION = YES_AGGRESSIVE;
				CLANG_CXX_LANGUAGE_STANDARD = "gnu++20";
				CLANG_ENABLE_MODULES = YES;
				CLANG_ENABLE_OBJC_ARC = YES;
				CLANG_ENABLE_OBJC_WEAK = YES;
				CLANG_WARN_BLOCK_CAPTURE_AUTORELEASING = YES;
				CLANG_WARN_BOOL_CONVERSION = YES;
				CLANG_WARN_COMMA = YES;
				CLANG_WARN_CONSTANT_CONVERSION = YES;
				CLANG_WARN_DEPRECATED_OBJC_IMPLEMENTATIONS = YES;
				CLANG_WARN_DIRECT_OBJC_ISA_USAGE = YES_ERROR;
				CLANG_WARN_DOCUMENTATION_COMMENTS = YES;
				CLANG_WARN_EMPTY_BODY = YES;
				CLANG_WARN_ENUM_CONVERSION = YES;
				CLANG_WARN_INFINITE_RECURSION = YES;
				CLANG_WARN_INT_CONVERSION = YES;
				CLANG_WARN_NON_LITERAL_NULL_CONVERSION = YES;
				CLANG_WARN_OBJC_IMPLICIT_RETAIN_SELF = YES;
				CLANG_WARN_OBJC_LITERAL_CONVERSION = YES;
				CLANG_WARN_OBJC_ROOT_CLASS = YES_ERROR;
				CLANG_WARN_QUOTED_INCLUDE_IN_FRAMEWORK_HEADER = YES;
				CLANG_WARN_RANGE_LOOP_ANALYSIS = YES;
				CLANG_WARN_STRICT_PROTOTYPES = YES;
				CLANG_WARN_SUSPICIOUS_MOVE = YES;
				CLANG_WARN_UNGUARDED_AVAILABILITY = YES_AGGRESSIVE;
				CLANG_WARN_UNREACHABLE_CODE = YES;
				CLANG_WARN__DUPLICATE_METHOD_MATCH = YES;
				COPY_PHASE_STRIP = NO;
				DEAD_CODE_STRIPPING = YES;
				DEBUG_INFORMATION_FORMAT = dwarf;
				ENABLE_STRICT_OBJC_MSGSEND = YES;
				ENABLE_TESTABILITY = YES;
				ENABLE_USER_SCRIPT_SANDBOXING = YES;
				GCC_C_LANGUAGE_STANDARD = gnu11;
				GCC_DYNAMIC_NO_PIC = NO;
				GCC_NO_COMMON_BLOCKS = YES;
				GCC_OPTIMIZATION_LEVEL = 0;
				GCC_PREPROCESSOR_DEFINITIONS = (
					"DEBUG=1",
					"$(inherited)",
				);
				GCC_WARN_64_TO_32_BIT_CONVERSION = YES;
				GCC_WARN_ABOUT_RETURN_TYPE = YES_ERROR;
				GCC_WARN_UNDECLARED_SELECTOR = YES;
				GCC_WARN_UNINITIALIZED_AUTOS = YES_AGGRESSIVE;
				GCC_WARN_UNUSED_FUNCTION = YES;
				GCC_WARN_UNUSED_VARIABLE = YES;
				MTL_ENABLE_DEBUG_INFO = INCLUDE_SOURCE;
				MTL_FAST_MATH = YES;
				ONLY_ACTIVE_ARCH = YES;
				SWIFT_ACTIVE_COMPILATION_CONDITIONS = DEBUG;
				SWIFT_OPTIMIZATION_LEVEL = "-Onone";
			};
			name = Debug;
		};
		5EDA66C72A2A4955006706CD /* Release */ = {
			isa = XCBuildConfiguration;
			buildSettings = {
				ALWAYS_SEARCH_USER_PATHS = NO;
				ASSETCATALOG_COMPILER_GENERATE_SWIFT_ASSET_SYMBOL_EXTENSIONS = YES;
				CLANG_ANALYZER_NONNULL = YES;
				CLANG_ANALYZER_NUMBER_OBJECT_CONVERSION = YES_AGGRESSIVE;
				CLANG_CXX_LANGUAGE_STANDARD = "gnu++20";
				CLANG_ENABLE_MODULES = YES;
				CLANG_ENABLE_OBJC_ARC = YES;
				CLANG_ENABLE_OBJC_WEAK = YES;
				CLANG_WARN_BLOCK_CAPTURE_AUTORELEASING = YES;
				CLANG_WARN_BOOL_CONVERSION = YES;
				CLANG_WARN_COMMA = YES;
				CLANG_WARN_CONSTANT_CONVERSION = YES;
				CLANG_WARN_DEPRECATED_OBJC_IMPLEMENTATIONS = YES;
				CLANG_WARN_DIRECT_OBJC_ISA_USAGE = YES_ERROR;
				CLANG_WARN_DOCUMENTATION_COMMENTS = YES;
				CLANG_WARN_EMPTY_BODY = YES;
				CLANG_WARN_ENUM_CONVERSION = YES;
				CLANG_WARN_INFINITE_RECURSION = YES;
				CLANG_WARN_INT_CONVERSION = YES;
				CLANG_WARN_NON_LITERAL_NULL_CONVERSION = YES;
				CLANG_WARN_OBJC_IMPLICIT_RETAIN_SELF = YES;
				CLANG_WARN_OBJC_LITERAL_CONVERSION = YES;
				CLANG_WARN_OBJC_ROOT_CLASS = YES_ERROR;
				CLANG_WARN_QUOTED_INCLUDE_IN_FRAMEWORK_HEADER = YES;
				CLANG_WARN_RANGE_LOOP_ANALYSIS = YES;
				CLANG_WARN_STRICT_PROTOTYPES = YES;
				CLANG_WARN_SUSPICIOUS_MOVE = YES;
				CLANG_WARN_UNGUARDED_AVAILABILITY = YES_AGGRESSIVE;
				CLANG_WARN_UNREACHABLE_CODE = YES;
				CLANG_WARN__DUPLICATE_METHOD_MATCH = YES;
				COPY_PHASE_STRIP = NO;
				DEAD_CODE_STRIPPING = YES;
				DEBUG_INFORMATION_FORMAT = "dwarf-with-dsym";
				ENABLE_NS_ASSERTIONS = NO;
				ENABLE_STRICT_OBJC_MSGSEND = YES;
				ENABLE_USER_SCRIPT_SANDBOXING = YES;
				GCC_C_LANGUAGE_STANDARD = gnu11;
				GCC_NO_COMMON_BLOCKS = YES;
				GCC_WARN_64_TO_32_BIT_CONVERSION = YES;
				GCC_WARN_ABOUT_RETURN_TYPE = YES_ERROR;
				GCC_WARN_UNDECLARED_SELECTOR = YES;
				GCC_WARN_UNINITIALIZED_AUTOS = YES_AGGRESSIVE;
				GCC_WARN_UNUSED_FUNCTION = YES;
				GCC_WARN_UNUSED_VARIABLE = YES;
				MTL_ENABLE_DEBUG_INFO = NO;
				MTL_FAST_MATH = YES;
				SWIFT_COMPILATION_MODE = wholemodule;
				SWIFT_OPTIMIZATION_LEVEL = "-O";
			};
			name = Release;
		};
		5EDA66C92A2A4955006706CD /* Debug */ = {
			isa = XCBuildConfiguration;
			buildSettings = {
				ASSETCATALOG_COMPILER_APPICON_NAME = AppIcon;
				ASSETCATALOG_COMPILER_GLOBAL_ACCENT_COLOR_NAME = AccentColor;
				CODE_SIGN_ENTITLEMENTS = App/FleetDMViewer.entitlements;
				CODE_SIGN_STYLE = Automatic;
				CURRENT_PROJECT_VERSION = 1;
				DEAD_CODE_STRIPPING = YES;
				DEVELOPMENT_ASSET_PATHS = "\"App/Preview Content\"";
				DEVELOPMENT_TEAM = 8FTCWEV5FL;
				ENABLE_HARDENED_RUNTIME = YES;
				ENABLE_PREVIEWS = YES;
				ENABLE_USER_SCRIPT_SANDBOXING = NO;
				GENERATE_INFOPLIST_FILE = YES;
				INFOPLIST_KEY_CFBundleDisplayName = Commander;
				INFOPLIST_KEY_LSApplicationCategoryType = "public.app-category.developer-tools";
				"INFOPLIST_KEY_UIApplicationSceneManifest_Generation[sdk=iphoneos*]" = YES;
				"INFOPLIST_KEY_UIApplicationSceneManifest_Generation[sdk=iphonesimulator*]" = YES;
				"INFOPLIST_KEY_UIApplicationSupportsIndirectInputEvents[sdk=iphoneos*]" = YES;
				"INFOPLIST_KEY_UIApplicationSupportsIndirectInputEvents[sdk=iphonesimulator*]" = YES;
				"INFOPLIST_KEY_UILaunchScreen_Generation[sdk=iphoneos*]" = YES;
				"INFOPLIST_KEY_UILaunchScreen_Generation[sdk=iphonesimulator*]" = YES;
				"INFOPLIST_KEY_UIStatusBarStyle[sdk=iphoneos*]" = UIStatusBarStyleDefault;
				"INFOPLIST_KEY_UIStatusBarStyle[sdk=iphonesimulator*]" = UIStatusBarStyleDefault;
				INFOPLIST_KEY_UISupportedInterfaceOrientations_iPad = "UIInterfaceOrientationPortrait UIInterfaceOrientationPortraitUpsideDown UIInterfaceOrientationLandscapeLeft UIInterfaceOrientationLandscapeRight";
				INFOPLIST_KEY_UISupportedInterfaceOrientations_iPhone = "UIInterfaceOrientationPortrait UIInterfaceOrientationLandscapeLeft UIInterfaceOrientationLandscapeRight";
				IPHONEOS_DEPLOYMENT_TARGET = 17.0;
				LD_RUNPATH_SEARCH_PATHS = "@executable_path/Frameworks";
				"LD_RUNPATH_SEARCH_PATHS[sdk=macosx*]" = "@executable_path/../Frameworks";
				MACOSX_DEPLOYMENT_TARGET = 14.0;
				MARKETING_VERSION = 0.1.0;
				PRODUCT_BUNDLE_IDENTIFIER = com.daleribeiro.FleetDMViewer;
				PRODUCT_NAME = "$(TARGET_NAME)";
				SDKROOT = auto;
				SUPPORTED_PLATFORMS = "iphoneos iphonesimulator macosx";
				SWIFT_EMIT_LOC_STRINGS = YES;
				SWIFT_VERSION = 5.0;
				TARGETED_DEVICE_FAMILY = "1,2";
			};
			name = Debug;
		};
		5EDA66CA2A2A4955006706CD /* Release */ = {
			isa = XCBuildConfiguration;
			buildSettings = {
				ASSETCATALOG_COMPILER_APPICON_NAME = AppIcon;
				ASSETCATALOG_COMPILER_GLOBAL_ACCENT_COLOR_NAME = AccentColor;
				CODE_SIGN_ENTITLEMENTS = App/FleetDMViewer.entitlements;
				CODE_SIGN_STYLE = Automatic;
				CURRENT_PROJECT_VERSION = 1;
				DEAD_CODE_STRIPPING = YES;
				DEVELOPMENT_ASSET_PATHS = "\"App/Preview Content\"";
				DEVELOPMENT_TEAM = 8FTCWEV5FL;
				ENABLE_HARDENED_RUNTIME = YES;
				ENABLE_PREVIEWS = YES;
				ENABLE_USER_SCRIPT_SANDBOXING = NO;
				GENERATE_INFOPLIST_FILE = YES;
				INFOPLIST_KEY_CFBundleDisplayName = Commander;
				INFOPLIST_KEY_LSApplicationCategoryType = "public.app-category.developer-tools";
				"INFOPLIST_KEY_UIApplicationSceneManifest_Generation[sdk=iphoneos*]" = YES;
				"INFOPLIST_KEY_UIApplicationSceneManifest_Generation[sdk=iphonesimulator*]" = YES;
				"INFOPLIST_KEY_UIApplicationSupportsIndirectInputEvents[sdk=iphoneos*]" = YES;
				"INFOPLIST_KEY_UIApplicationSupportsIndirectInputEvents[sdk=iphonesimulator*]" = YES;
				"INFOPLIST_KEY_UILaunchScreen_Generation[sdk=iphoneos*]" = YES;
				"INFOPLIST_KEY_UILaunchScreen_Generation[sdk=iphonesimulator*]" = YES;
				"INFOPLIST_KEY_UIStatusBarStyle[sdk=iphoneos*]" = UIStatusBarStyleDefault;
				"INFOPLIST_KEY_UIStatusBarStyle[sdk=iphonesimulator*]" = UIStatusBarStyleDefault;
				INFOPLIST_KEY_UISupportedInterfaceOrientations_iPad = "UIInterfaceOrientationPortrait UIInterfaceOrientationPortraitUpsideDown UIInterfaceOrientationLandscapeLeft UIInterfaceOrientationLandscapeRight";
				INFOPLIST_KEY_UISupportedInterfaceOrientations_iPhone = "UIInterfaceOrientationPortrait UIInterfaceOrientationLandscapeLeft UIInterfaceOrientationLandscapeRight";
				IPHONEOS_DEPLOYMENT_TARGET = 17.0;
				LD_RUNPATH_SEARCH_PATHS = "@executable_path/Frameworks";
				"LD_RUNPATH_SEARCH_PATHS[sdk=macosx*]" = "@executable_path/../Frameworks";
				MACOSX_DEPLOYMENT_TARGET = 14.0;
				MARKETING_VERSION = 0.1.0;
				PRODUCT_BUNDLE_IDENTIFIER = com.daleribeiro.FleetDMViewer;
				PRODUCT_NAME = "$(TARGET_NAME)";
				SDKROOT = auto;
				SUPPORTED_PLATFORMS = "iphoneos iphonesimulator macosx";
				SWIFT_EMIT_LOC_STRINGS = YES;
				SWIFT_VERSION = 5.0;
				TARGETED_DEVICE_FAMILY = "1,2";
			};
			name = Release;
		};
/* End XCBuildConfiguration section */

/* Begin XCConfigurationList section */
		5EDA66B42A2A4955006706CD /* Build configuration list for PBXProject "FleetDMViewer" */ = {
			isa = XCConfigurationList;
			buildConfigurations = (
				5EDA66C62A2A4955006706CD /* Debug */,
				5EDA66C72A2A4955006706CD /* Release */,
			);
			defaultConfigurationIsVisible = 0;
			defaultConfigurationName = Release;
		};
		5EDA66C82A2A4955006706CD /* Build configuration list for PBXNativeTarget "FleetDMViewer" */ = {
			isa = XCConfigurationList;
			buildConfigurations = (
				5EDA66C92A2A4955006706CD /* Debug */,
				5EDA66CA2A2A4955006706CD /* Release */,
			);
			defaultConfigurationIsVisible = 0;
			defaultConfigurationName = Release;
		};
/* End XCConfigurationList section */

/* Begin XCRemoteSwiftPackageReference section */
		5EDA66DF2A2A4996006706CD /* XCRemoteSwiftPackageReference "KeychainWrapper" */ = {
			isa = XCRemoteSwiftPackageReference;
			repositoryURL = "https://github.com/puretears/KeychainWrapper";
			requirement = {
				kind = upToNextMajorVersion;
				minimumVersion = 1.0.0;
			};
		};
/* End XCRemoteSwiftPackageReference section */

/* Begin XCSwiftPackageProductDependency section */
		5EB42FBE2C3D880000C7EEB8 /* KeychainWrapper */ = {
			isa = XCSwiftPackageProductDependency;
			package = 5EDA66DF2A2A4996006706CD /* XCRemoteSwiftPackageReference "KeychainWrapper" */;
			productName = KeychainWrapper;
		};
/* End XCSwiftPackageProductDependency section */

/* Begin XCVersionGroup section */
		5EEA909D2A96701500FEA5E4 /* FleetDMViewer.xcdatamodeld */ = {
			isa = XCVersionGroup;
			children = (
				5EEA909E2A96701500FEA5E4 /* DataModel.xcdatamodel */,
			);
			currentVersion = 5EEA909E2A96701500FEA5E4 /* DataModel.xcdatamodel */;
			path = FleetDMViewer.xcdatamodeld;
			sourceTree = "<group>";
			versionGroupType = wrapper.xcdatamodel;
		};
/* End XCVersionGroup section */
	};
	rootObject = 5EDA66B12A2A4955006706CD /* Project object */;
}
